<?xml version="1.0" encoding="utf-8"?>
<Project ToolsVersion="4.0" xmlns="http://schemas.microsoft.com/developer/msbuild/2003">
  <ItemGroup>
    <Filter Include="Assets">
      <UniqueIdentifier>{17194CDF-397D-4E4E-A14D-9639E9BC4EFE}</UniqueIdentifier>
    </Filter>
    <Filter Include="Engine">
      <UniqueIdentifier>{CA8276E2-75DE-4A59-9A58-3BD615DD68A9}</UniqueIdentifier>
    </Filter>
    <Filter Include="Assets\Shaders">
      <UniqueIdentifier>{64DD9C3A-BB84-458C-9CFC-EECD10CCE88B}</UniqueIdentifier>
    </Filter>
    <Filter Include="Engine\Audio">
      <UniqueIdentifier>{56C1EF2A-6627-47FD-9586-9E6E6CA875EF}</UniqueIdentifier>
    </Filter>
    <Filter Include="Engine\Core">
      <UniqueIdentifier>{E5F6B769-0292-42DA-B567-AA4527ED4A21}</UniqueIdentifier>
    </Filter>
    <Filter Include="Engine\Debug">
      <UniqueIdentifier>{E7A63AE9-CC78-4D09-AF6E-88324CB4ED55}</UniqueIdentifier>
    </Filter>
    <Filter Include="Engine\Editor">
      <UniqueIdentifier>{0635C44D-E4E1-49D4-B8AC-EB348D7D770D}</UniqueIdentifier>
    </Filter>
    <Filter Include="Engine\External">
      <UniqueIdentifier>{B76027C4-4354-4F2D-B2CA-6C74495EDFD2}</UniqueIdentifier>
    </Filter>
    <Filter Include="Engine\Input">
      <UniqueIdentifier>{22A4E727-C6B4-4479-B49F-6F9F7865C94A}</UniqueIdentifier>
    </Filter>
    <Filter Include="Engine\MathLib">
      <UniqueIdentifier>{96560B55-70DC-467F-86D9-3117C78BF9F1}</UniqueIdentifier>
    </Filter>
    <Filter Include="Engine\Utility">
      <UniqueIdentifier>{C6232EA9-559D-48CC-8CD6-8F7B9077669D}</UniqueIdentifier>
    </Filter>
    <Filter Include="Assets\Shaders\Builtin">
      <UniqueIdentifier>{406A1F1D-8A63-467D-8D49-7D9E90961A30}</UniqueIdentifier>
    </Filter>
    <Filter Include="Engine\Core\Asset">
      <UniqueIdentifier>{E5D2DA04-5C49-4D15-9D7B-D3E95764820C}</UniqueIdentifier>
    </Filter>
    <Filter Include="Engine\Core\Build">
      <UniqueIdentifier>{3F157CE8-CFD3-4E89-BED9-573E6E559507}</UniqueIdentifier>
    </Filter>
    <Filter Include="Engine\Core\Context">
      <UniqueIdentifier>{1AC8E785-1F9E-4287-A018-A49A8A6435A9}</UniqueIdentifier>
    </Filter>
    <Filter Include="Engine\Core\ECS">
      <UniqueIdentifier>{E63745F9-CE70-49B3-9F0C-91D2783487B2}</UniqueIdentifier>
    </Filter>
    <Filter Include="Engine\Core\Graphics">
      <UniqueIdentifier>{39708331-F105-437C-8508-6504533E09CF}</UniqueIdentifier>
    </Filter>
    <Filter Include="Engine\Core\Prefab">
      <UniqueIdentifier>{D4A2658F-8E53-4F85-ACC9-4DF5F92228B7}</UniqueIdentifier>
    </Filter>
    <Filter Include="Engine\Core\Runtime">
      <UniqueIdentifier>{F1E6579A-EA1F-40C1-A095-B59ECE710C15}</UniqueIdentifier>
    </Filter>
    <Filter Include="Engine\Core\Scene">
      <UniqueIdentifier>{DF073539-7E36-4437-9E47-D0DDC1342AA5}</UniqueIdentifier>
    </Filter>
    <Filter Include="Engine\Core\Time">
      <UniqueIdentifier>{B99DB53F-9985-4AFD-868B-F878FA82A04E}</UniqueIdentifier>
    </Filter>
    <Filter Include="Engine\Core\UUID">
      <UniqueIdentifier>{58CCA11A-D360-4AB2-A796-40610EE650C2}</UniqueIdentifier>
    </Filter>
    <Filter Include="Engine\Core\Window">
      <UniqueIdentifier>{68A35965-F947-48B4-B738-086EE6968BB0}</UniqueIdentifier>
    </Filter>
    <Filter Include="Engine\Editor\Command">
      <UniqueIdentifier>{7BBE7820-E347-435E-A541-42617F831F40}</UniqueIdentifier>
    </Filter>
    <Filter Include="Engine\Editor\Inspector">
      <UniqueIdentifier>{81346299-AA7B-4754-B532-5FA2E992D97F}</UniqueIdentifier>
    </Filter>
    <Filter Include="Engine\Editor\Panel">
      <UniqueIdentifier>{A25C12BE-ACA4-4723-AEBA-7630003F09A7}</UniqueIdentifier>
    </Filter>
    <Filter Include="Engine\Editor\Project">
      <UniqueIdentifier>{3C3D9BC6-4F4D-4652-AF0D-A5EA373AEE8B}</UniqueIdentifier>
    </Filter>
    <Filter Include="Engine\Input\Base">
      <UniqueIdentifier>{6C38DB3B-093D-41EE-9936-908AB5EDD683}</UniqueIdentifier>
    </Filter>
    <Filter Include="Engine\Utility\Algorithm">
      <UniqueIdentifier>{FD3BB629-D3B7-4E29-88EF-98A19D5CFC36}</UniqueIdentifier>
    </Filter>
    <Filter Include="Engine\Utility\Command">
      <UniqueIdentifier>{37044A28-6FFE-4D92-B46E-3D2F9D59D5C9}</UniqueIdentifier>
    </Filter>
    <Filter Include="Engine\Utility\Enum">
      <UniqueIdentifier>{058DCCB3-83B7-41C9-A9D2-87DACBD0D77A}</UniqueIdentifier>
    </Filter>
    <Filter Include="Engine\Utility\ImGui">
      <UniqueIdentifier>{328C95C7-0ECE-47CE-B528-34A1215B7EAE}</UniqueIdentifier>
    </Filter>
    <Filter Include="Engine\Utility\Json">
      <UniqueIdentifier>{17B16BB0-C2FA-4B2F-80C6-9EB3938ED029}</UniqueIdentifier>
    </Filter>
    <Filter Include="Engine\Utility\Random">
      <UniqueIdentifier>{3B99F177-FE6F-4E9C-9139-EFB361E6B709}</UniqueIdentifier>
    </Filter>
    <Filter Include="Assets\Shaders\Builtin\LightCulling">
      <UniqueIdentifier>{06F6CB63-675A-4D4D-93D2-BFF00A6FB248}</UniqueIdentifier>
    </Filter>
    <Filter Include="Assets\Shaders\Builtin\Line">
      <UniqueIdentifier>{A5903416-B0C9-4C2C-8D82-579E4AA3B64E}</UniqueIdentifier>
    </Filter>
    <Filter Include="Assets\Shaders\Builtin\Mesh">
      <UniqueIdentifier>{D4B32A79-477E-409D-8B81-FBA1F70DE8CF}</UniqueIdentifier>
    </Filter>
    <Filter Include="Assets\Shaders\Builtin\Raytracing">
      <UniqueIdentifier>{98857A60-C2B2-494C-B836-AA06DF3143A6}</UniqueIdentifier>
    </Filter>
    <Filter Include="Assets\Shaders\Builtin\Sprite">
      <UniqueIdentifier>{3C771BE7-0E6D-43AD-BC34-9EC2CC1BF22C}</UniqueIdentifier>
    </Filter>
    <Filter Include="Assets\Shaders\Builtin\Text">
      <UniqueIdentifier>{7BDE51FB-D71A-4574-813C-8BCF3A453346}</UniqueIdentifier>
    </Filter>
    <Filter Include="Engine\Core\Asset\Async">
      <UniqueIdentifier>{9AABE75B-8F61-4226-920E-262EA2FAD6E8}</UniqueIdentifier>
    </Filter>
    <Filter Include="Engine\Core\ECS\Behavior">
      <UniqueIdentifier>{3EF7B3F5-99C0-46B5-9AF0-EBAF824EDF82}</UniqueIdentifier>
    </Filter>
    <Filter Include="Engine\Core\ECS\Component">
      <UniqueIdentifier>{ECAFB048-1807-4518-9104-38DA74AA10DA}</UniqueIdentifier>
    </Filter>
    <Filter Include="Engine\Core\ECS\Config">
      <UniqueIdentifier>{4C461A01-4369-4F8E-B806-201670784CF6}</UniqueIdentifier>
    </Filter>
    <Filter Include="Engine\Core\ECS\Entity">
      <UniqueIdentifier>{49B8888F-140C-4416-AA1F-B6EBD248D537}</UniqueIdentifier>
    </Filter>
    <Filter Include="Engine\Core\ECS\System">
      <UniqueIdentifier>{CA4257A1-23B4-4134-86B9-2C0BDAC14BF1}</UniqueIdentifier>
    </Filter>
    <Filter Include="Engine\Core\ECS\World">
      <UniqueIdentifier>{A1705C65-129F-4FFB-8CBF-269B91905E93}</UniqueIdentifier>
    </Filter>
    <Filter Include="Engine\Core\Graphics\Asset">
      <UniqueIdentifier>{BBD3B135-AE6D-4186-A279-0DA0A1C9D50D}</UniqueIdentifier>
    </Filter>
    <Filter Include="Engine\Core\Graphics\Descriptors">
      <UniqueIdentifier>{D4F14291-B97D-4398-B060-23742B072D10}</UniqueIdentifier>
    </Filter>
    <Filter Include="Engine\Core\Graphics\DxLib">
      <UniqueIdentifier>{73634C7E-C7DC-47F2-BB5A-E95AF269FFA0}</UniqueIdentifier>
    </Filter>
    <Filter Include="Engine\Core\Graphics\DxObject">
      <UniqueIdentifier>{7F0F9F29-11D5-46D4-8155-C5BF66D9EA15}</UniqueIdentifier>
    </Filter>
    <Filter Include="Engine\Core\Graphics\GPUBuffer">
      <UniqueIdentifier>{CAAC01BA-C6DB-48A3-A517-056A5E055C80}</UniqueIdentifier>
    </Filter>
    <Filter Include="Engine\Core\Graphics\Line">
      <UniqueIdentifier>{D8B7EF00-4D09-4B32-A51D-CC74E63CAB6A}</UniqueIdentifier>
    </Filter>
    <Filter Include="Engine\Core\Graphics\Material">
      <UniqueIdentifier>{B0A8ED91-0852-4BAA-9B09-51D02CEBC333}</UniqueIdentifier>
    </Filter>
    <Filter Include="Engine\Core\Graphics\Mesh">
      <UniqueIdentifier>{8815019C-C0A5-40F6-B21D-D963552103A0}</UniqueIdentifier>
    </Filter>
    <Filter Include="Engine\Core\Graphics\Pipeline">
      <UniqueIdentifier>{65632D08-5D09-44BE-9BF4-CBD4DB62C366}</UniqueIdentifier>
    </Filter>
    <Filter Include="Engine\Core\Graphics\Raytracing">
      <UniqueIdentifier>{7B406A1E-463C-4CCD-B397-6CA3E1D06F9F}</UniqueIdentifier>
    </Filter>
    <Filter Include="Engine\Core\Graphics\Render">
      <UniqueIdentifier>{83D63E0E-F255-4495-9F5A-7AACA5916BD9}</UniqueIdentifier>
    </Filter>
    <Filter Include="Engine\Core\Graphics\Texture">
      <UniqueIdentifier>{A668502A-F018-45AD-81E0-474EFC11BE1F}</UniqueIdentifier>
    </Filter>
    <Filter Include="Engine\Core\Prefab\Header">
      <UniqueIdentifier>{FCAB10C7-4AAD-4E9D-BD93-6A376E61DAE5}</UniqueIdentifier>
    </Filter>
    <Filter Include="Engine\Core\Scene\Header">
      <UniqueIdentifier>{1EC1F498-E9D0-44B7-A5A9-4A8830547326}</UniqueIdentifier>
    </Filter>
    <Filter Include="Engine\Core\Scene\Instance">
      <UniqueIdentifier>{14C4E876-7DE1-458B-8DBF-99267168A7A5}</UniqueIdentifier>
    </Filter>
    <Filter Include="Engine\Editor\Command\Interface">
      <UniqueIdentifier>{7B849976-2535-400A-8058-BF4A5D7FF4E4}</UniqueIdentifier>
    </Filter>
    <Filter Include="Engine\Editor\Command\Methods">
      <UniqueIdentifier>{EC1B8DC2-03D8-4170-9B6E-B6E978FFC015}</UniqueIdentifier>
    </Filter>
    <Filter Include="Engine\Editor\Inspector\Interface">
      <UniqueIdentifier>{889DED5C-E384-44F9-AE89-D288E32FD5C5}</UniqueIdentifier>
    </Filter>
    <Filter Include="Engine\Editor\Inspector\Methods">
      <UniqueIdentifier>{B4DEF2C1-43BB-4B8D-A38A-65F923509272}</UniqueIdentifier>
    </Filter>
    <Filter Include="Engine\Editor\Panel\Interface">
      <UniqueIdentifier>{91D645A3-039A-40EB-B0D8-F5B55FDA84CE}</UniqueIdentifier>
    </Filter>
    <Filter Include="Engine\Editor\Panel\Methods">
      <UniqueIdentifier>{DDCDD5DD-6D2D-4A4C-98D0-F7C681493C00}</UniqueIdentifier>
    </Filter>
    <Filter Include="Engine\Core\ECS\Behavior\Registry">
      <UniqueIdentifier>{AD55D90F-C73D-489E-987B-720EFC66E418}</UniqueIdentifier>
    </Filter>
    <Filter Include="Engine\Core\ECS\Behavior\World">
      <UniqueIdentifier>{35729E38-BAB5-4B06-9DB0-45CF6A18567B}</UniqueIdentifier>
    </Filter>
    <Filter Include="Engine\Core\ECS\Component\Builtin">
      <UniqueIdentifier>{0B6E6F3F-2C78-4E37-AB46-758C80F1E720}</UniqueIdentifier>
    </Filter>
    <Filter Include="Engine\Core\ECS\Component\Registry">
      <UniqueIdentifier>{C4143BD9-D4C3-4A1A-A0B3-926980C6CFFC}</UniqueIdentifier>
    </Filter>
    <Filter Include="Engine\Core\ECS\Component\Type">
      <UniqueIdentifier>{40848714-133C-4F45-AD23-C24CA70232D8}</UniqueIdentifier>
    </Filter>
    <Filter Include="Engine\Core\ECS\System\Builtin">
      <UniqueIdentifier>{651FB078-D681-4049-8AA4-3B12D0F6CA7A}</UniqueIdentifier>
    </Filter>
    <Filter Include="Engine\Core\ECS\System\Context">
      <UniqueIdentifier>{9CFF782C-8F33-442D-96DC-D8DE29CFC2A2}</UniqueIdentifier>
    </Filter>
    <Filter Include="Engine\Core\ECS\System\Interface">
      <UniqueIdentifier>{58C9FEB8-EAB2-47BF-97A5-A67DF2E377AB}</UniqueIdentifier>
    </Filter>
    <Filter Include="Engine\Core\ECS\System\Scheduler">
      <UniqueIdentifier>{D0F27A26-8D46-4CEF-9EAB-80C44AF2FED4}</UniqueIdentifier>
    </Filter>
    <Filter Include="Engine\Core\Graphics\Pipeline\Bind">
      <UniqueIdentifier>{C4ECBBFB-B8CE-410C-B1EA-71F909C5B717}</UniqueIdentifier>
    </Filter>
    <Filter Include="Engine\Core\Graphics\Pipeline\Stage">
      <UniqueIdentifier>{CC1EDEF5-736D-42EC-A705-038B127AFC1B}</UniqueIdentifier>
    </Filter>
    <Filter Include="Engine\Core\Graphics\Raytracing\AccelerationStructure">
      <UniqueIdentifier>{ECD8D1F8-6778-496D-B267-323822C40440}</UniqueIdentifier>
    </Filter>
    <Filter Include="Engine\Core\Graphics\Render\Backend">
      <UniqueIdentifier>{F3E1EEA1-0662-42E9-8942-AF68A1B78D22}</UniqueIdentifier>
    </Filter>
    <Filter Include="Engine\Core\Graphics\Render\Light">
      <UniqueIdentifier>{B30B4D96-1398-4280-BC38-DA911829B70C}</UniqueIdentifier>
    </Filter>
    <Filter Include="Engine\Core\Graphics\Render\Pass">
      <UniqueIdentifier>{F22DDD3C-79A6-410A-82AC-8067A8EEA39A}</UniqueIdentifier>
    </Filter>
    <Filter Include="Engine\Core\Graphics\Render\Queue">
      <UniqueIdentifier>{272C8ECA-6BBB-4060-9EC0-E903B6D14207}</UniqueIdentifier>
    </Filter>
    <Filter Include="Engine\Core\Graphics\Render\Texture">
      <UniqueIdentifier>{C38EF1A7-E62D-497A-8B21-68FFC6E15B3B}</UniqueIdentifier>
    </Filter>
    <Filter Include="Engine\Core\Graphics\Render\View">
      <UniqueIdentifier>{1D7B7F33-BE30-44C1-B134-DEB201941205}</UniqueIdentifier>
    </Filter>
    <Filter Include="Engine\Editor\Inspector\Methods\Common">
      <UniqueIdentifier>{201F4C63-2FBB-4072-BB57-13B1286E7698}</UniqueIdentifier>
    </Filter>
    <Filter Include="Engine\Editor\Inspector\Methods\Light">
      <UniqueIdentifier>{07850319-C4BF-4816-A21A-4263D7CA05EC}</UniqueIdentifier>
    </Filter>
    <Filter Include="Engine\Editor\Inspector\Methods\Render">
      <UniqueIdentifier>{0459781C-505E-41CD-BEFC-35DB0CEAA32D}</UniqueIdentifier>
    </Filter>
    <Filter Include="Engine\Core\ECS\Component\Builtin\Light">
      <UniqueIdentifier>{B60DAA0C-8237-4397-A07F-69D27705DADB}</UniqueIdentifier>
    </Filter>
    <Filter Include="Engine\Core\ECS\Component\Builtin\Render">
      <UniqueIdentifier>{B101C6B1-0272-488E-9033-606708583F20}</UniqueIdentifier>
    </Filter>
    <Filter Include="Engine\Core\Graphics\Render\Backend\Builtin">
      <UniqueIdentifier>{3419356B-3058-4D82-BC9A-A2354F101FCF}</UniqueIdentifier>
    </Filter>
    <Filter Include="Engine\Core\Graphics\Render\Backend\Common">
      <UniqueIdentifier>{636B8736-FDCD-457B-BC13-BA153AF79A87}</UniqueIdentifier>
    </Filter>
    <Filter Include="Engine\Core\Graphics\Render\Backend\Interface">
      <UniqueIdentifier>{ECB72781-D794-4CBA-BFA4-0AD49EA678E9}</UniqueIdentifier>
    </Filter>
    <Filter Include="Engine\Core\Graphics\Render\Backend\Registry">
      <UniqueIdentifier>{D65BF2FD-5148-4403-966F-983A6F700EDE}</UniqueIdentifier>
    </Filter>
    <Filter Include="Engine\Core\Graphics\Render\Light\Builtin">
      <UniqueIdentifier>{D2C01EE7-0DFA-43B8-94C6-7B6E784651F4}</UniqueIdentifier>
    </Filter>
    <Filter Include="Engine\Core\Graphics\Render\Light\GPU">
      <UniqueIdentifier>{1778C304-E1A6-4ADB-B3DD-07DEACFBF811}</UniqueIdentifier>
    </Filter>
    <Filter Include="Engine\Core\Graphics\Render\Light\Interface">
      <UniqueIdentifier>{F2F31FA9-CBDA-4D2A-BDAA-502F3589C29B}</UniqueIdentifier>
    </Filter>
    <Filter Include="Engine\Core\Graphics\Render\Light\Registry">
      <UniqueIdentifier>{AD63DCDA-6A0A-4A45-97CD-8CA328E9BA78}</UniqueIdentifier>
    </Filter>
    <Filter Include="Engine\Core\Graphics\Render\Backend\Builtin\Mesh">
      <UniqueIdentifier>{1EFE373B-439F-402E-9210-BB3D55A10DDB}</UniqueIdentifier>
    </Filter>
    <Filter Include="Engine\Core\Graphics\Render\Backend\Builtin\Sprite">
      <UniqueIdentifier>{8B34241C-9F2E-4C06-8904-391522B35331}</UniqueIdentifier>
    </Filter>
    <Filter Include="Engine\Core\Graphics\Render\Backend\Builtin\Text">
      <UniqueIdentifier>{B40AD264-E1FA-423D-A88B-8BF68A0399B7}</UniqueIdentifier>
    </Filter>
    <Filter Include="Engine\Core\Graphics\Render\Light\Builtin\Directional">
      <UniqueIdentifier>{11798842-5A50-4A64-997E-20B9FF58C44D}</UniqueIdentifier>
    </Filter>
    <Filter Include="Engine\Core\Graphics\Render\Light\Builtin\Point">
      <UniqueIdentifier>{2A00A9BF-C7B3-4AC4-86A5-1EEA9E29C6A4}</UniqueIdentifier>
    </Filter>
    <Filter Include="Engine\Core\Graphics\Render\Light\Builtin\Spot">
      <UniqueIdentifier>{F9C54418-CB6F-4756-B19B-EF1EF3D3411E}</UniqueIdentifier>
    </Filter>
    <Filter Include="Engine\Core\Graphics\Render\Backend\Builtin\Mesh\Draw">
      <UniqueIdentifier>{7F340648-7EE7-427F-8E44-120F2ABF5245}</UniqueIdentifier>
    </Filter>
    <Filter Include="Engine\Core\Graphics\Render\Backend\Builtin\Mesh\Draw\Interface">
      <UniqueIdentifier>{E25157BA-F294-4465-8075-520C2B4DB880}</UniqueIdentifier>
    </Filter>
  </ItemGroup>
  <ItemGroup>
    <ClCompile Include="Engine\Audio\Audio.cpp">
      <Filter>Engine\Audio</Filter>
    </ClCompile>
    <ClCompile Include="Engine\Core\Asset\AssetTypes.cpp">
      <Filter>Engine\Core\Asset</Filter>
    </ClCompile>
    <ClCompile Include="Engine\Core\ECS\Component\Builtin\Light\DirectionalLightComponent.cpp">
      <Filter>Engine\Core\ECS\Component\Builtin\Light</Filter>
    </ClCompile>
    <ClCompile Include="Engine\Core\ECS\Component\Builtin\Light\PointLightComponent.cpp">
      <Filter>Engine\Core\ECS\Component\Builtin\Light</Filter>
    </ClCompile>
    <ClCompile Include="Engine\Core\ECS\Component\Builtin\Light\SpotLightComponent.cpp">
      <Filter>Engine\Core\ECS\Component\Builtin\Light</Filter>
    </ClCompile>
    <ClCompile Include="Engine\Core\ECS\Component\Builtin\UVTransformComponent.cpp">
      <Filter>Engine\Core\ECS\Component\Builtin</Filter>
    </ClCompile>
    <ClCompile Include="Engine\Core\ECS\System\Builtin\UVTransformUpdateSystem.cpp">
      <Filter>Engine\Core\ECS\System\Builtin</Filter>
    </ClCompile>
    <ClCompile Include="Engine\Core\Graphics\Asset\MaterialAsset.cpp">
      <Filter>Engine\Core\Graphics\Asset</Filter>
    </ClCompile>
    <ClCompile Include="Engine\Core\Graphics\Asset\MSDFFontAsset.cpp">
      <Filter>Engine\Core\Graphics\Asset</Filter>
    </ClCompile>
    <ClCompile Include="Engine\Core\Graphics\Asset\RenderAssetLibrary.cpp">
      <Filter>Engine\Core\Graphics\Asset</Filter>
    </ClCompile>
    <ClCompile Include="Engine\Core\Graphics\Asset\RenderPipelineAsset.cpp">
      <Filter>Engine\Core\Graphics\Asset</Filter>
    </ClCompile>
    <ClCompile Include="Engine\Core\Graphics\Asset\ShaderAsset.cpp">
      <Filter>Engine\Core\Graphics\Asset</Filter>
    </ClCompile>
    <ClCompile Include="Engine\Core\Graphics\GPUBuffer\IndexBuffer.cpp">
      <Filter>Engine\Core\Graphics\GPUBuffer</Filter>
    </ClCompile>
    <ClCompile Include="Engine\Core\Graphics\GPUBuffer\RenderBufferRegistry.cpp">
      <Filter>Engine\Core\Graphics\GPUBuffer</Filter>
    </ClCompile>
    <ClCompile Include="Engine\Core\Graphics\Line\LineRenderer.cpp">
      <Filter>Engine\Core\Graphics\Line</Filter>
    </ClCompile>
    <ClCompile Include="Engine\Core\Graphics\Line\SceneGridRenderer.cpp">
      <Filter>Engine\Core\Graphics\Line</Filter>
    </ClCompile>
    <ClCompile Include="Engine\Core\Graphics\Material\MaterialResolver.cpp">
      <Filter>Engine\Core\Graphics\Material</Filter>
    </ClCompile>
    <ClCompile Include="Engine\Core\Graphics\Mesh\GPUResource\MeshGPUResourceManager.cpp">
      <Filter>Engine\Core\Graphics\Mesh</Filter>
    </ClCompile>
    <ClCompile Include="Engine\Core\Graphics\Mesh\MeshImportService.cpp">
      <Filter>Engine\Core\Graphics\Mesh</Filter>
    </ClCompile>
    <ClCompile Include="Engine\Core\Graphics\Mesh\GPUResource\MeshletBuilder.cpp">
      <Filter>Engine\Core\Graphics\Mesh</Filter>
    </ClCompile>
    <ClCompile Include="Engine\Core\Graphics\Pipeline\Bind\ComputeRootBinder.cpp">
      <Filter>Engine\Core\Graphics\Pipeline\Bind</Filter>
    </ClCompile>
    <ClCompile Include="Engine\Core\Graphics\Pipeline\Bind\GraphicsRootBinder.cpp">
      <Filter>Engine\Core\Graphics\Pipeline\Bind</Filter>
    </ClCompile>
    <ClCompile Include="Engine\Core\Graphics\Pipeline\PipelineStateCache.cpp">
      <Filter>Engine\Core\Graphics\Pipeline</Filter>
    </ClCompile>
    <ClCompile Include="Engine\Core\Graphics\Pipeline\Bind\RootBindingCommandHelper.cpp">
      <Filter>Engine\Core\Graphics\Pipeline\Bind</Filter>
    </ClCompile>
    <ClCompile Include="Engine\Core\Graphics\Raytracing\AccelerationStructure\AccelerationStructureBuffer.cpp">
      <Filter>Engine\Core\Graphics\Raytracing\AccelerationStructure</Filter>
    </ClCompile>
    <ClCompile Include="Engine\Core\Graphics\Raytracing\AccelerationStructure\BottomLevelAccelerationStructure.cpp">
      <Filter>Engine\Core\Graphics\Raytracing\AccelerationStructure</Filter>
    </ClCompile>
    <ClCompile Include="Engine\Core\Graphics\Raytracing\RaytracingPipelineState.cpp">
      <Filter>Engine\Core\Graphics\Raytracing</Filter>
    </ClCompile>
    <ClCompile Include="Engine\Core\Graphics\Raytracing\RaytracingPipelineStateCache.cpp">
      <Filter>Engine\Core\Graphics\Raytracing</Filter>
    </ClCompile>
    <ClCompile Include="Engine\Core\Graphics\Raytracing\RaytracingSceneBuilder.cpp">
      <Filter>Engine\Core\Graphics\Raytracing</Filter>
    </ClCompile>
    <ClCompile Include="Engine\Core\Graphics\Raytracing\RaytracingViewBufferSet.cpp">
      <Filter>Engine\Core\Graphics\Raytracing</Filter>
    </ClCompile>
    <ClCompile Include="Engine\Core\Graphics\Raytracing\AccelerationStructure\TopLevelAccelerationStructure.cpp">
      <Filter>Engine\Core\Graphics\Raytracing\AccelerationStructure</Filter>
    </ClCompile>
    <ClCompile Include="Engine\Core\Graphics\Render\Backend\Builtin\Mesh\Draw\MeshShaderDrawPath.cpp">
      <Filter>Engine\Core\Graphics\Render\Backend\Builtin\Mesh\Draw</Filter>
    </ClCompile>
    <ClCompile Include="Engine\Core\Graphics\Render\Backend\Builtin\Mesh\Draw\VertexMeshDrawPath.cpp">
      <Filter>Engine\Core\Graphics\Render\Backend\Builtin\Mesh\Draw</Filter>
    </ClCompile>
    <ClCompile Include="Engine\Core\Graphics\Render\Backend\Builtin\Mesh\MeshBatchResources.cpp">
      <Filter>Engine\Core\Graphics\Render\Backend\Builtin\Mesh</Filter>
    </ClCompile>
    <ClCompile Include="Engine\Core\Graphics\Render\Backend\Builtin\Mesh\MeshDrawPathCommon.cpp">
      <Filter>Engine\Core\Graphics\Render\Backend\Builtin\Mesh</Filter>
    </ClCompile>
    <ClCompile Include="Engine\Core\Graphics\Render\Backend\Builtin\Mesh\MeshRenderBackend.cpp">
      <Filter>Engine\Core\Graphics\Render\Backend\Builtin\Mesh</Filter>
    </ClCompile>
    <ClCompile Include="Engine\Core\Graphics\Render\Backend\Builtin\Mesh\MeshRenderItemExtractor.cpp">
      <Filter>Engine\Core\Graphics\Render\Backend\Builtin\Mesh</Filter>
    </ClCompile>
    <ClCompile Include="Engine\Core\Graphics\Render\Backend\Builtin\Sprite\SpriteBatchResources.cpp">
      <Filter>Engine\Core\Graphics\Render\Backend\Builtin\Sprite</Filter>
    </ClCompile>
    <ClCompile Include="Engine\Core\Graphics\Render\Backend\Builtin\Sprite\SpriteRenderBackend.cpp">
      <Filter>Engine\Core\Graphics\Render\Backend\Builtin\Sprite</Filter>
    </ClCompile>
    <ClCompile Include="Engine\Core\Graphics\Render\Backend\Builtin\Sprite\SpriteRenderItemExtractor.cpp">
      <Filter>Engine\Core\Graphics\Render\Backend\Builtin\Sprite</Filter>
    </ClCompile>
    <ClCompile Include="Engine\Core\Graphics\Render\Backend\Builtin\Text\TextBatchResources.cpp">
      <Filter>Engine\Core\Graphics\Render\Backend\Builtin\Text</Filter>
    </ClCompile>
    <ClCompile Include="Engine\Core\Graphics\Render\Backend\Builtin\Text\TextRenderBackend.cpp">
      <Filter>Engine\Core\Graphics\Render\Backend\Builtin\Text</Filter>
    </ClCompile>
    <ClCompile Include="Engine\Core\Graphics\Render\Backend\Builtin\Text\TextRenderItemExtractor.cpp">
      <Filter>Engine\Core\Graphics\Render\Backend\Builtin\Text</Filter>
    </ClCompile>
    <ClCompile Include="Engine\Core\Graphics\Render\Backend\Common\BackendDrawCommon.cpp">
      <Filter>Engine\Core\Graphics\Render\Backend\Common</Filter>
    </ClCompile>
    <ClCompile Include="Engine\Core\Graphics\Render\Backend\Interface\IRenderItemExtractor.cpp">
      <Filter>Engine\Core\Graphics\Render\Backend\Interface</Filter>
    </ClCompile>
    <ClCompile Include="Engine\Core\Graphics\Render\Backend\Registry\RenderBackendRegistry.cpp">
      <Filter>Engine\Core\Graphics\Render\Backend\Registry</Filter>
    </ClCompile>
    <ClCompile Include="Engine\Core\Graphics\Render\Backend\Registry\RenderExtractorRegistry.cpp">
      <Filter>Engine\Core\Graphics\Render\Backend\Registry</Filter>
    </ClCompile>
    <ClCompile Include="Engine\Core\Graphics\Render\Light\Builtin\Directional\DirectionalLightExtractor.cpp">
      <Filter>Engine\Core\Graphics\Render\Light\Builtin\Directional</Filter>
    </ClCompile>
    <ClCompile Include="Engine\Core\Graphics\Render\Light\Builtin\Point\PointLightExtractor.cpp">
      <Filter>Engine\Core\Graphics\Render\Light\Builtin\Point</Filter>
    </ClCompile>
    <ClCompile Include="Engine\Core\Graphics\Render\Light\Builtin\Spot\SpotLightExtractor.cpp">
      <Filter>Engine\Core\Graphics\Render\Light\Builtin\Spot</Filter>
    </ClCompile>
    <ClCompile Include="Engine\Core\Graphics\Render\Light\FrameLightBatch.cpp">
      <Filter>Engine\Core\Graphics\Render\Light</Filter>
    </ClCompile>
    <ClCompile Include="Engine\Core\Graphics\Render\Light\GPU\ViewLightBufferSet.cpp">
      <Filter>Engine\Core\Graphics\Render\Light\GPU</Filter>
    </ClCompile>
    <ClCompile Include="Engine\Core\Graphics\Render\Light\GPU\ViewLightCullingBufferSet.cpp">
      <Filter>Engine\Core\Graphics\Render\Light\GPU</Filter>
    </ClCompile>
    <ClCompile Include="Engine\Core\Graphics\Render\Light\Interface\ILightExtractor.cpp">
      <Filter>Engine\Core\Graphics\Render\Light\Interface</Filter>
    </ClCompile>
    <ClCompile Include="Engine\Core\Graphics\Render\Light\Registry\LightExtractorRegistry.cpp">
      <Filter>Engine\Core\Graphics\Render\Light\Registry</Filter>
    </ClCompile>
    <ClCompile Include="Engine\Core\Graphics\Render\Light\ViewLightCollector.cpp">
      <Filter>Engine\Core\Graphics\Render\Light</Filter>
    </ClCompile>
    <ClCompile Include="Engine\Core\Graphics\Render\Pass\RenderItemBatchDispatcher.cpp">
      <Filter>Engine\Core\Graphics\Render\Pass</Filter>
    </ClCompile>
    <ClCompile Include="Engine\Core\Graphics\Render\Pass\ScenePassExecutor.cpp">
      <Filter>Engine\Core\Graphics\Render\Pass</Filter>
    </ClCompile>
    <ClCompile Include="Engine\Core\Graphics\Render\Queue\RenderPayloadArena.cpp">
      <Filter>Engine\Core\Graphics\Render\Queue</Filter>
    </ClCompile>
    <ClCompile Include="Engine\Core\Graphics\Render\Texture\RenderTargetRegistry.cpp">
      <Filter>Engine\Core\Graphics\Render\Texture</Filter>
    </ClCompile>
    <ClCompile Include="Engine\Core\Graphics\Render\View\RenderViewTypes.cpp">
      <Filter>Engine\Core\Graphics\Render\View</Filter>
    </ClCompile>
    <ClCompile Include="Engine\Core\Graphics\Render\View\SceneViewCameraController.cpp">
      <Filter>Engine\Core\Graphics\Render\View</Filter>
    </ClCompile>
    <ClCompile Include="Engine\Core\Graphics\Texture\BuiltinTextureLibrary.cpp">
      <Filter>Engine\Core\Graphics\Texture</Filter>
    </ClCompile>
    <ClCompile Include="Engine\Core\Graphics\Texture\TextureAssetResolver.cpp">
      <Filter>Engine\Core\Graphics\Texture</Filter>
    </ClCompile>
    <ClCompile Include="Engine\Core\Graphics\Texture\TextureUploadService.cpp">
      <Filter>Engine\Core\Graphics\Texture</Filter>
    </ClCompile>
    <ClCompile Include="Engine\Debug\Logger.cpp">
      <Filter>Engine\Debug</Filter>
    </ClCompile>
    <ClCompile Include="Engine\Core\ECS\Behavior\BehaviorHandle.cpp">
      <Filter>Engine\Core\ECS\Behavior</Filter>
    </ClCompile>
    <ClCompile Include="Engine\Core\ECS\Behavior\Registry\BehaviorTypeRegistry.cpp">
      <Filter>Engine\Core\ECS\Behavior\Registry</Filter>
    </ClCompile>
    <ClCompile Include="Engine\Core\ECS\Behavior\World\BehaviorWorld.cpp">
      <Filter>Engine\Core\ECS\Behavior\World</Filter>
    </ClCompile>
    <ClCompile Include="Engine\Core\ECS\Component\Builtin\CameraComponent.cpp">
      <Filter>Engine\Core\ECS\Component\Builtin</Filter>
    </ClCompile>
    <ClCompile Include="Engine\Core\ECS\Component\Builtin\PrefabLinkComponent.cpp">
      <Filter>Engine\Core\ECS\Component\Builtin</Filter>
    </ClCompile>
    <ClCompile Include="Engine\Core\ECS\Component\Builtin\Render\MeshRendererComponent.cpp">
      <Filter>Engine\Core\ECS\Component\Builtin\Render</Filter>
    </ClCompile>
    <ClCompile Include="Engine\Core\ECS\Component\Builtin\Render\SpriteRendererComponent.cpp">
      <Filter>Engine\Core\ECS\Component\Builtin\Render</Filter>
    </ClCompile>
    <ClCompile Include="Engine\Core\ECS\Component\Builtin\Render\TextRendererComponent.cpp">
      <Filter>Engine\Core\ECS\Component\Builtin\Render</Filter>
    </ClCompile>
    <ClCompile Include="Engine\Core\ECS\Component\Builtin\SceneObjectComponent.cpp">
      <Filter>Engine\Core\ECS\Component\Builtin</Filter>
    </ClCompile>
    <ClCompile Include="Engine\Core\ECS\Component\Builtin\ScriptComponent.cpp">
      <Filter>Engine\Core\ECS\Component\Builtin</Filter>
    </ClCompile>
    <ClCompile Include="Engine\Core\ECS\System\Builtin\BehaviorSystem.cpp">
      <Filter>Engine\Core\ECS\System\Builtin</Filter>
    </ClCompile>
    <ClCompile Include="Engine\Core\ECS\System\Context\SystemContext.cpp">
      <Filter>Engine\Core\ECS\System\Context</Filter>
    </ClCompile>
    <ClCompile Include="Engine\Core\ECS\System\Scheduler\SystemScheduler.cpp">
      <Filter>Engine\Core\ECS\System\Scheduler</Filter>
    </ClCompile>
    <ClCompile Include="Engine\Core\Asset\AssetDatabase.cpp">
      <Filter>Engine\Core\Asset</Filter>
    </ClCompile>
    <ClCompile Include="Engine\Core\Context\EngineContext.cpp">
      <Filter>Engine\Core\Context</Filter>
    </ClCompile>
    <ClCompile Include="Engine\Core\ECS\System\Builtin\HierarchySystem.cpp">
      <Filter>Engine\Core\ECS\System\Builtin</Filter>
    </ClCompile>
    <ClCompile Include="Engine\Core\ECS\System\Builtin\TransformUpdateSystem.cpp">
      <Filter>Engine\Core\ECS\System\Builtin</Filter>
    </ClCompile>
    <ClCompile Include="Engine\Core\Graphics\Descriptors\BaseDescriptor.cpp">
      <Filter>Engine\Core\Graphics\Descriptors</Filter>
    </ClCompile>
    <ClCompile Include="Engine\Core\Graphics\Descriptors\DSVDescriptor.cpp">
      <Filter>Engine\Core\Graphics\Descriptors</Filter>
    </ClCompile>
    <ClCompile Include="Engine\Core\Graphics\Descriptors\RTVDescriptor.cpp">
      <Filter>Engine\Core\Graphics\Descriptors</Filter>
    </ClCompile>
    <ClCompile Include="Engine\Core\Graphics\Descriptors\SRVDescriptor.cpp">
      <Filter>Engine\Core\Graphics\Descriptors</Filter>
    </ClCompile>
    <ClCompile Include="Engine\Core\Graphics\DxLib\DxUtils.cpp">
      <Filter>Engine\Core\Graphics\DxLib</Filter>
    </ClCompile>
    <ClCompile Include="Engine\Core\Graphics\DxObject\DxCommand.cpp">
      <Filter>Engine\Core\Graphics\DxObject</Filter>
    </ClCompile>
    <ClCompile Include="Engine\Core\Graphics\DxObject\DxDevice.cpp">
      <Filter>Engine\Core\Graphics\DxObject</Filter>
    </ClCompile>
    <ClCompile Include="Engine\Core\Graphics\DxObject\DxShaderCompiler.cpp">
      <Filter>Engine\Core\Graphics\DxObject</Filter>
    </ClCompile>
    <ClCompile Include="Engine\Core\Graphics\DxObject\DxSwapChain.cpp">
      <Filter>Engine\Core\Graphics\DxObject</Filter>
    </ClCompile>
    <ClCompile Include="Engine\Core\Graphics\DxObject\DxUploadCommand.cpp">
      <Filter>Engine\Core\Graphics\DxObject</Filter>
    </ClCompile>
    <ClCompile Include="Engine\Core\Graphics\GraphicsCore.cpp">
      <Filter>Engine\Core\Graphics</Filter>
    </ClCompile>
    <ClCompile Include="Engine\Core\Graphics\GraphicsFeatureController.cpp">
      <Filter>Engine\Core\Graphics</Filter>
    </ClCompile>
    <ClCompile Include="Engine\Core\Graphics\GraphicsPlatform.cpp">
      <Filter>Engine\Core\Graphics</Filter>
    </ClCompile>
    <ClCompile Include="Engine\Core\Graphics\GraphicsFeatureTypes.cpp">
      <Filter>Engine\Core\Graphics</Filter>
    </ClCompile>
    <ClCompile Include="Engine\Core\Graphics\Pipeline\Stage\AutoInputLayoutBuilder.cpp">
      <Filter>Engine\Core\Graphics\Pipeline\Stage</Filter>
    </ClCompile>
    <ClCompile Include="Engine\Core\Graphics\Pipeline\Stage\AutoRootSignatureBuilder.cpp">
      <Filter>Engine\Core\Graphics\Pipeline\Stage</Filter>
    </ClCompile>
    <ClCompile Include="Engine\Core\Graphics\Pipeline\Stage\BlendState.cpp">
      <Filter>Engine\Core\Graphics\Pipeline\Stage</Filter>
    </ClCompile>
    <ClCompile Include="Engine\Core\Graphics\Pipeline\PipelineState.cpp">
      <Filter>Engine\Core\Graphics\Pipeline</Filter>
    </ClCompile>
    <ClCompile Include="Engine\Core\Graphics\Pipeline\Stage\ShaderReflection.cpp">
      <Filter>Engine\Core\Graphics\Pipeline\Stage</Filter>
    </ClCompile>
    <ClCompile Include="Engine\Core\Graphics\Render\RenderPipelineRunner.cpp">
      <Filter>Engine\Core\Graphics\Render</Filter>
    </ClCompile>
    <ClCompile Include="Engine\Core\Graphics\Render\Queue\RenderPassItemCollector.cpp">
      <Filter>Engine\Core\Graphics\Render\Queue</Filter>
    </ClCompile>
    <ClCompile Include="Engine\Core\Graphics\Render\Queue\RenderQueue.cpp">
      <Filter>Engine\Core\Graphics\Render\Queue</Filter>
    </ClCompile>
    <ClCompile Include="Engine\Core\Graphics\Render\Texture\DepthTexture2D.cpp">
      <Filter>Engine\Core\Graphics\Render\Texture</Filter>
    </ClCompile>
    <ClCompile Include="Engine\Core\Graphics\Render\Texture\MultiRenderTarget.cpp">
      <Filter>Engine\Core\Graphics\Render\Texture</Filter>
    </ClCompile>
    <ClCompile Include="Engine\Core\Graphics\Render\Texture\RenderTexture2D.cpp">
      <Filter>Engine\Core\Graphics\Render\Texture</Filter>
    </ClCompile>
    <ClCompile Include="Engine\Core\Graphics\Render\View\RenderFrameTypes.cpp">
      <Filter>Engine\Core\Graphics\Render\View</Filter>
    </ClCompile>
    <ClCompile Include="Engine\Core\Graphics\Render\View\RenderViewResolver.cpp">
      <Filter>Engine\Core\Graphics\Render\View</Filter>
    </ClCompile>
    <ClCompile Include="Engine\Core\Graphics\Render\View\ViewportRenderService.cpp">
      <Filter>Engine\Core\Graphics\Render\View</Filter>
    </ClCompile>
    <ClCompile Include="Engine\Core\Prefab\Header\PrefabHeader.cpp">
      <Filter>Engine\Core\Prefab\Header</Filter>
    </ClCompile>
    <ClCompile Include="Engine\Core\Prefab\PrefabSystem.cpp">
      <Filter>Engine\Core\Prefab</Filter>
    </ClCompile>
    <ClCompile Include="Engine\Core\Runtime\EngineApplication.cpp">
      <Filter>Engine\Core\Runtime</Filter>
    </ClCompile>
    <ClCompile Include="Engine\Core\Scene\Header\SceneHeader.cpp">
      <Filter>Engine\Core\Scene\Header</Filter>
    </ClCompile>
    <ClCompile Include="Engine\Core\Scene\Instance\SceneInstanceManager.cpp">
      <Filter>Engine\Core\Scene\Instance</Filter>
    </ClCompile>
    <ClCompile Include="Engine\Core\ECS\World\WorldManager.cpp">
      <Filter>Engine\Core\ECS\World</Filter>
    </ClCompile>
    <ClCompile Include="Engine\Core\Scene\SceneAuthoring.cpp">
      <Filter>Engine\Core\Scene</Filter>
    </ClCompile>
    <ClCompile Include="Engine\Core\Time\FrameTimer.cpp">
      <Filter>Engine\Core\Time</Filter>
    </ClCompile>
    <ClCompile Include="Engine\Core\ECS\Component\Builtin\HierarchyComponent.cpp">
      <Filter>Engine\Core\ECS\Component\Builtin</Filter>
    </ClCompile>
    <ClCompile Include="Engine\Core\ECS\Component\Builtin\NameComponent.cpp">
      <Filter>Engine\Core\ECS\Component\Builtin</Filter>
    </ClCompile>
    <ClCompile Include="Engine\Core\ECS\Component\Registry\ComponentTypeRegistry.cpp">
      <Filter>Engine\Core\ECS\Component\Registry</Filter>
    </ClCompile>
    <ClCompile Include="Engine\Core\ECS\Component\Builtin\TransformComponent.cpp">
      <Filter>Engine\Core\ECS\Component\Builtin</Filter>
    </ClCompile>
    <ClCompile Include="Engine\Core\ECS\World\ECSWorld.cpp">
      <Filter>Engine\Core\ECS\World</Filter>
    </ClCompile>
    <ClCompile Include="Engine\Core\ECS\Entity\Entity.cpp">
      <Filter>Engine\Core\ECS\Entity</Filter>
    </ClCompile>
    <ClCompile Include="Engine\Core\ECS\Entity\EntityArchetype.cpp">
      <Filter>Engine\Core\ECS\Entity</Filter>
    </ClCompile>
    <ClCompile Include="Engine\Core\ECS\Entity\EntityChunk.cpp">
      <Filter>Engine\Core\ECS\Entity</Filter>
    </ClCompile>
    <ClCompile Include="Engine\Core\ECS\Entity\EntitySignature.cpp">
      <Filter>Engine\Core\ECS\Entity</Filter>
    </ClCompile>
    <ClCompile Include="Engine\Core\UUID\TypeHash.cpp">
      <Filter>Engine\Core\UUID</Filter>
    </ClCompile>
    <ClCompile Include="Engine\Core\UUID\UUID.cpp">
      <Filter>Engine\Core\UUID</Filter>
    </ClCompile>
    <ClCompile Include="Engine\Editor\Command\EditorEntityDuplicateUtility.cpp">
      <Filter>Engine\Editor\Command</Filter>
    </ClCompile>
    <ClCompile Include="Engine\Editor\Command\Methods\AddComponentCommand.cpp">
      <Filter>Engine\Editor\Command\Methods</Filter>
    </ClCompile>
    <ClCompile Include="Engine\Editor\Command\Methods\CreateEntityCommand.cpp">
      <Filter>Engine\Editor\Command\Methods</Filter>
    </ClCompile>
    <ClCompile Include="Engine\Editor\Command\EditorEntitySnapshot.cpp">
      <Filter>Engine\Editor\Command</Filter>
    </ClCompile>
    <ClCompile Include="Engine\Editor\Command\Methods\DeleteEntityCommand.cpp">
      <Filter>Engine\Editor\Command\Methods</Filter>
    </ClCompile>
    <ClCompile Include="Engine\Editor\Command\Methods\DuplicateEntityCommand.cpp">
      <Filter>Engine\Editor\Command\Methods</Filter>
    </ClCompile>
    <ClCompile Include="Engine\Editor\Command\Methods\PasteEntityTreeCommand.cpp">
      <Filter>Engine\Editor\Command\Methods</Filter>
    </ClCompile>
    <ClCompile Include="Engine\Editor\Command\Methods\RemoveComponentCommand.cpp">
      <Filter>Engine\Editor\Command\Methods</Filter>
    </ClCompile>
    <ClCompile Include="Engine\Editor\Command\Methods\RenameEntityCommand.cpp">
      <Filter>Engine\Editor\Command\Methods</Filter>
    </ClCompile>
    <ClCompile Include="Engine\Editor\Command\Methods\ReparentEntityCommand.cpp">
      <Filter>Engine\Editor\Command\Methods</Filter>
    </ClCompile>
    <ClCompile Include="Engine\Editor\Command\Methods\SetEntityActiveCommand.cpp">
      <Filter>Engine\Editor\Command\Methods</Filter>
    </ClCompile>
    <ClCompile Include="Engine\Editor\Command\Methods\SetSerializedComponentCommand.cpp">
      <Filter>Engine\Editor\Command\Methods</Filter>
    </ClCompile>
    <ClCompile Include="Engine\Editor\Command\Methods\SetTransformCommand.cpp">
      <Filter>Engine\Editor\Command\Methods</Filter>
    </ClCompile>
    <ClCompile Include="Engine\Editor\Command\TransformEditUtility.cpp">
      <Filter>Engine\Editor\Command</Filter>
    </ClCompile>
    <ClCompile Include="Engine\Editor\EditorManager.cpp">
      <Filter>Engine\Editor</Filter>
    </ClCompile>
    <ClCompile Include="Engine\Editor\EditorState.cpp">
      <Filter>Engine\Editor</Filter>
    </ClCompile>
    <ClCompile Include="Engine\Editor\Inspector\Methods\CameraInspectorDrawer.cpp">
      <Filter>Engine\Editor\Inspector\Methods</Filter>
    </ClCompile>
    <ClCompile Include="Engine\Editor\Inspector\Methods\Common\InspectorDrawerCommon.cpp">
      <Filter>Engine\Editor\Inspector\Methods\Common</Filter>
    </ClCompile>
    <ClCompile Include="Engine\Editor\Inspector\Methods\Light\DirectionalLightInspectorDrawer.cpp">
      <Filter>Engine\Editor\Inspector\Methods\Light</Filter>
    </ClCompile>
    <ClCompile Include="Engine\Editor\Inspector\Methods\Light\PointLightInspectorDrawer.cpp">
      <Filter>Engine\Editor\Inspector\Methods\Light</Filter>
    </ClCompile>
    <ClCompile Include="Engine\Editor\Inspector\Methods\Light\SpotLightInspectorDrawer.cpp">
      <Filter>Engine\Editor\Inspector\Methods\Light</Filter>
    </ClCompile>
    <ClCompile Include="Engine\Editor\Inspector\Methods\Render\MeshRendererInspectorDrawer.cpp">
      <Filter>Engine\Editor\Inspector\Methods\Render</Filter>
    </ClCompile>
    <ClCompile Include="Engine\Editor\Inspector\Methods\ScriptInspectorDrawer.cpp">
      <Filter>Engine\Editor\Inspector\Methods</Filter>
    </ClCompile>
    <ClCompile Include="Engine\Editor\Inspector\Methods\Render\SpriteRendererInspectorDrawer.cpp">
      <Filter>Engine\Editor\Inspector\Methods\Render</Filter>
    </ClCompile>
    <ClCompile Include="Engine\Editor\Inspector\Methods\Render\TextRendererInspectorDrawer.cpp">
      <Filter>Engine\Editor\Inspector\Methods\Render</Filter>
    </ClCompile>
    <ClCompile Include="Engine\Editor\Inspector\Methods\TransformInspectorDrawer.cpp">
      <Filter>Engine\Editor\Inspector\Methods</Filter>
    </ClCompile>
    <ClCompile Include="Engine\Editor\Inspector\Methods\UVTransformInspectorDrawer.cpp">
      <Filter>Engine\Editor\Inspector\Methods</Filter>
    </ClCompile>
    <ClCompile Include="Engine\Editor\Panel\Methods\ConsolePanel.cpp">
      <Filter>Engine\Editor\Panel\Methods</Filter>
    </ClCompile>
    <ClCompile Include="Engine\Editor\Panel\Methods\HierarchyPanel.cpp">
      <Filter>Engine\Editor\Panel\Methods</Filter>
    </ClCompile>
    <ClCompile Include="Engine\Editor\Panel\Methods\InspectorPanel.cpp">
      <Filter>Engine\Editor\Panel\Methods</Filter>
    </ClCompile>
    <ClCompile Include="Engine\Editor\Panel\Methods\MenuBarPanel.cpp">
      <Filter>Engine\Editor\Panel\Methods</Filter>
    </ClCompile>
    <ClCompile Include="Engine\Editor\Panel\Methods\ProjectPanel.cpp">
      <Filter>Engine\Editor\Panel\Methods</Filter>
    </ClCompile>
    <ClCompile Include="Engine\Editor\Panel\Methods\SceneViewToolPanel.cpp">
      <Filter>Engine\Editor\Panel\Methods</Filter>
    </ClCompile>
    <ClCompile Include="Engine\Editor\Panel\Methods\ToolbarPanel.cpp">
      <Filter>Engine\Editor\Panel\Methods</Filter>
    </ClCompile>
    <ClCompile Include="Engine\Editor\Panel\Methods\ToolPanel.cpp">
      <Filter>Engine\Editor\Panel\Methods</Filter>
    </ClCompile>
    <ClCompile Include="Engine\Editor\Panel\Methods\ViewportPanel.cpp">
      <Filter>Engine\Editor\Panel\Methods</Filter>
    </ClCompile>
    <ClCompile Include="Engine\Editor\Project\ProjectAssetIndex.cpp">
      <Filter>Engine\Editor\Project</Filter>
    </ClCompile>
    <ClCompile Include="Engine\Editor\Project\ProjectAssetThumbnailCache.cpp">
      <Filter>Engine\Editor\Project</Filter>
    </ClCompile>
    <ClCompile Include="Engine\Input\InputStructures.cpp">
      <Filter>Engine\Input</Filter>
    </ClCompile>
    <ClCompile Include="Engine\Core\Scene\SceneSystem.cpp">
      <Filter>Engine\Core\Scene</Filter>
    </ClCompile>
    <ClCompile Include="Engine\Editor\Command\EditorCommandContext.cpp">
      <Filter>Engine\Editor\Command</Filter>
    </ClCompile>
    <ClCompile Include="Engine\MathLib\Color.cpp">
      <Filter>Engine\MathLib</Filter>
    </ClCompile>
    <ClCompile Include="Engine\MathLib\Math.cpp">
      <Filter>Engine\MathLib</Filter>
    </ClCompile>
    <ClCompile Include="Engine\MathLib\Matrix4x4.cpp">
      <Filter>Engine\MathLib</Filter>
    </ClCompile>
    <ClCompile Include="Engine\MathLib\Quaternion.cpp">
      <Filter>Engine\MathLib</Filter>
    </ClCompile>
    <ClCompile Include="Engine\MathLib\Vector2.cpp">
      <Filter>Engine\MathLib</Filter>
    </ClCompile>
    <ClCompile Include="Engine\MathLib\Vector3.cpp">
      <Filter>Engine\MathLib</Filter>
    </ClCompile>
    <ClCompile Include="Engine\MathLib\Vector4.cpp">
      <Filter>Engine\MathLib</Filter>
    </ClCompile>
    <ClCompile Include="Engine\Utility\ImGui\MyGUI.cpp">
      <Filter>Engine\Utility\ImGui</Filter>
    </ClCompile>
    <ClCompile Include="Engine\Debug\Assert.cpp">
      <Filter>Engine\Debug</Filter>
    </ClCompile>
    <ClCompile Include="Engine\Core\Framework.cpp">
      <Filter>Engine\Core</Filter>
    </ClCompile>
    <ClCompile Include="Engine\External\ImGuiManager.cpp">
      <Filter>Engine\External</Filter>
    </ClCompile>
    <ClCompile Include="Engine\Core\Window\WinApp.cpp">
      <Filter>Engine\Core\Window</Filter>
    </ClCompile>
    <ClCompile Include="Engine\Input\Input.cpp">
      <Filter>Engine\Input</Filter>
    </ClCompile>
    <ClCompile Include="Engine\main.cpp">
      <Filter>Engine</Filter>
    </ClCompile>
    <ClCompile Include="Engine\Utility\Enum\Easing.cpp">
      <Filter>Engine\Utility\Enum</Filter>
    </ClCompile>
    <ClCompile Include="Engine\Utility\Json\JsonAdapter.cpp">
      <Filter>Engine\Utility\Json</Filter>
    </ClCompile>
    <ClCompile Include="Engine\Utility\Random\RandomGenerator.cpp">
      <Filter>Engine\Utility\Random</Filter>
    </ClCompile>
    <ClCompile Include="Engine\Utility\Algorithm\Algorithm.cpp">
      <Filter>Engine\Utility\Algorithm</Filter>
    </ClCompile>
    <ClInclude Include="Engine\Audio\Audio.h">
      <Filter>Engine\Audio</Filter>
    </ClInclude>
    <ClInclude Include="Engine\Core\Asset\Async\AssetWorkerPool.h">
      <Filter>Engine\Core\Asset\Async</Filter>
    </ClInclude>
    <ClInclude Include="Engine\Core\Build\BuildConfig.h">
      <Filter>Engine\Core\Build</Filter>
    </ClInclude>
    <ClInclude Include="Engine\Core\ECS\Component\Builtin\Light\DirectionalLightComponent.h">
      <Filter>Engine\Core\ECS\Component\Builtin\Light</Filter>
    </ClInclude>
    <ClInclude Include="Engine\Core\ECS\Component\Builtin\Light\PointLightComponent.h">
      <Filter>Engine\Core\ECS\Component\Builtin\Light</Filter>
    </ClInclude>
    <ClInclude Include="Engine\Core\ECS\Component\Builtin\Light\SpotLightComponent.h">
      <Filter>Engine\Core\ECS\Component\Builtin\Light</Filter>
    </ClInclude>
    <ClInclude Include="Engine\Core\ECS\Component\Builtin\UVTransformComponent.h">
      <Filter>Engine\Core\ECS\Component\Builtin</Filter>
    </ClInclude>
    <ClInclude Include="Engine\Core\ECS\System\Builtin\UVTransformUpdateSystem.h">
      <Filter>Engine\Core\ECS\System\Builtin</Filter>
    </ClInclude>
    <ClInclude Include="Engine\Core\Graphics\Asset\MaterialAsset.h">
      <Filter>Engine\Core\Graphics\Asset</Filter>
    </ClInclude>
    <ClInclude Include="Engine\Core\Graphics\Asset\MSDFFontAsset.h">
      <Filter>Engine\Core\Graphics\Asset</Filter>
    </ClInclude>
    <ClInclude Include="Engine\Core\Graphics\Asset\RenderAssetLibrary.h">
      <Filter>Engine\Core\Graphics\Asset</Filter>
    </ClInclude>
    <ClInclude Include="Engine\Core\Graphics\Asset\RenderPipelineAsset.h">
      <Filter>Engine\Core\Graphics\Asset</Filter>
    </ClInclude>
    <ClInclude Include="Engine\Core\Graphics\Asset\ShaderAsset.h">
      <Filter>Engine\Core\Graphics\Asset</Filter>
    </ClInclude>
    <ClInclude Include="Engine\Core\Graphics\GPUBuffer\DxConstBuffer.h">
      <Filter>Engine\Core\Graphics\GPUBuffer</Filter>
    </ClInclude>
    <ClInclude Include="Engine\Core\Graphics\GPUBuffer\DxReadbackBuffer.h">
      <Filter>Engine\Core\Graphics\GPUBuffer</Filter>
    </ClInclude>
    <ClInclude Include="Engine\Core\Graphics\GPUBuffer\DxStructuredBuffer.h">
      <Filter>Engine\Core\Graphics\GPUBuffer</Filter>
    </ClInclude>
    <ClInclude Include="Engine\Core\Graphics\GPUBuffer\IndexBuffer.h">
      <Filter>Engine\Core\Graphics\GPUBuffer</Filter>
    </ClInclude>
    <ClInclude Include="Engine\Core\Graphics\GPUBuffer\RenderBufferRegistry.h">
      <Filter>Engine\Core\Graphics\GPUBuffer</Filter>
    </ClInclude>
    <ClInclude Include="Engine\Core\Graphics\GPUBuffer\StructuredRWBuffer.h">
      <Filter>Engine\Core\Graphics\GPUBuffer</Filter>
    </ClInclude>
    <ClInclude Include="Engine\Core\Graphics\GPUBuffer\VertexBuffer.h">
      <Filter>Engine\Core\Graphics\GPUBuffer</Filter>
    </ClInclude>
    <ClInclude Include="Engine\Core\Graphics\Line\LineRenderer.h">
      <Filter>Engine\Core\Graphics\Line</Filter>
    </ClInclude>
    <ClInclude Include="Engine\Core\Graphics\Line\SceneGridRenderer.h">
      <Filter>Engine\Core\Graphics\Line</Filter>
    </ClInclude>
    <ClInclude Include="Engine\Core\Graphics\Material\MaterialResolver.h">
      <Filter>Engine\Core\Graphics\Material</Filter>
    </ClInclude>
    <ClInclude Include="Engine\Core\Graphics\Mesh\GPUResource\MeshGPUResourceManager.h">
      <Filter>Engine\Core\Graphics\Mesh</Filter>
    </ClInclude>
    <ClInclude Include="Engine\Core\Graphics\Mesh\MeshImportService.h">
      <Filter>Engine\Core\Graphics\Mesh</Filter>
    </ClInclude>
    <ClInclude Include="Engine\Core\Graphics\Mesh\GPUResource\MeshletBuilder.h">
      <Filter>Engine\Core\Graphics\Mesh</Filter>
    </ClInclude>
    <ClInclude Include="Engine\Core\Graphics\Mesh\MeshNode.h">
      <Filter>Engine\Core\Graphics\Mesh</Filter>
    </ClInclude>
    <ClInclude Include="Engine\Core\Graphics\Mesh\GPUResource\MeshShaderSharedTypes.h">
      <Filter>Engine\Core\Graphics\Mesh</Filter>
    </ClInclude>
    <ClInclude Include="Engine\Core\Graphics\Pipeline\Bind\ComputeRootBinder.h">
      <Filter>Engine\Core\Graphics\Pipeline\Bind</Filter>
    </ClInclude>
    <ClInclude Include="Engine\Core\Graphics\Pipeline\PipelineStateCache.h">
      <Filter>Engine\Core\Graphics\Pipeline</Filter>
    </ClInclude>
    <ClInclude Include="Engine\Core\Graphics\Pipeline\Bind\GraphicsRootBinder.h">
      <Filter>Engine\Core\Graphics\Pipeline\Bind</Filter>
    </ClInclude>
    <ClInclude Include="Engine\Core\Graphics\Pipeline\Bind\RootBindingCommandHelper.h">
      <Filter>Engine\Core\Graphics\Pipeline\Bind</Filter>
    </ClInclude>
    <ClInclude Include="Engine\Core\Graphics\Raytracing\AccelerationStructure\AccelerationStructureBuffer.h">
      <Filter>Engine\Core\Graphics\Raytracing\AccelerationStructure</Filter>
    </ClInclude>
    <ClInclude Include="Engine\Core\Graphics\Raytracing\AccelerationStructure\BottomLevelAccelerationStructure.h">
      <Filter>Engine\Core\Graphics\Raytracing\AccelerationStructure</Filter>
    </ClInclude>
    <ClInclude Include="Engine\Core\Graphics\Raytracing\RaytracingPipelineState.h">
      <Filter>Engine\Core\Graphics\Raytracing</Filter>
    </ClInclude>
    <ClInclude Include="Engine\Core\Graphics\Raytracing\RaytracingPipelineStateCache.h">
      <Filter>Engine\Core\Graphics\Raytracing</Filter>
    </ClInclude>
    <ClInclude Include="Engine\Core\Graphics\Raytracing\RaytracingSceneBuilder.h">
      <Filter>Engine\Core\Graphics\Raytracing</Filter>
    </ClInclude>
    <ClInclude Include="Engine\Core\Graphics\Raytracing\RaytracingStructures.h">
      <Filter>Engine\Core\Graphics\Raytracing</Filter>
    </ClInclude>
    <ClInclude Include="Engine\Core\Graphics\Raytracing\RaytracingViewBufferSet.h">
      <Filter>Engine\Core\Graphics\Raytracing</Filter>
    </ClInclude>
    <ClInclude Include="Engine\Core\Graphics\Raytracing\AccelerationStructure\TopLevelAccelerationStructure.h">
      <Filter>Engine\Core\Graphics\Raytracing\AccelerationStructure</Filter>
    </ClInclude>
    <ClInclude Include="Engine\Core\Graphics\Render\Backend\Builtin\Mesh\Draw\Interface\IMeshDrawPath.h">
      <Filter>Engine\Core\Graphics\Render\Backend\Builtin\Mesh\Draw\Interface</Filter>
    </ClInclude>
    <ClInclude Include="Engine\Core\Graphics\Render\Backend\Builtin\Mesh\Draw\MeshShaderDrawPath.h">
      <Filter>Engine\Core\Graphics\Render\Backend\Builtin\Mesh\Draw</Filter>
    </ClInclude>
    <ClInclude Include="Engine\Core\Graphics\Render\Backend\Builtin\Mesh\Draw\VertexMeshDrawPath.h">
      <Filter>Engine\Core\Graphics\Render\Backend\Builtin\Mesh\Draw</Filter>
    </ClInclude>
    <ClInclude Include="Engine\Core\Graphics\Render\Backend\Builtin\Mesh\MeshBatchResources.h">
      <Filter>Engine\Core\Graphics\Render\Backend\Builtin\Mesh</Filter>
    </ClInclude>
    <ClInclude Include="Engine\Core\Graphics\Render\Backend\Builtin\Mesh\MeshDrawPathCommon.h">
      <Filter>Engine\Core\Graphics\Render\Backend\Builtin\Mesh</Filter>
    </ClInclude>
    <ClInclude Include="Engine\Core\Graphics\Render\Backend\Builtin\Mesh\MeshRenderBackend.h">
      <Filter>Engine\Core\Graphics\Render\Backend\Builtin\Mesh</Filter>
    </ClInclude>
    <ClInclude Include="Engine\Core\Graphics\Render\Backend\Builtin\Mesh\MeshRenderBackendTypes.h">
      <Filter>Engine\Core\Graphics\Render\Backend\Builtin\Mesh</Filter>
    </ClInclude>
    <ClInclude Include="Engine\Core\Graphics\Render\Backend\Builtin\Mesh\MeshRenderItemExtractor.h">
      <Filter>Engine\Core\Graphics\Render\Backend\Builtin\Mesh</Filter>
    </ClInclude>
    <ClInclude Include="Engine\Core\Graphics\Mesh\GPUResource\MeshResourceTypes.h">
      <Filter>Engine\Core\Graphics\Mesh</Filter>
    </ClInclude>
    <ClInclude Include="Engine\Core\Graphics\Render\Backend\Builtin\Sprite\SpriteBatchResources.h">
      <Filter>Engine\Core\Graphics\Render\Backend\Builtin\Sprite</Filter>
    </ClInclude>
    <ClInclude Include="Engine\Core\Graphics\Render\Backend\Builtin\Sprite\SpriteRenderBackend.h">
      <Filter>Engine\Core\Graphics\Render\Backend\Builtin\Sprite</Filter>
    </ClInclude>
    <ClInclude Include="Engine\Core\Graphics\Render\Backend\Builtin\Sprite\SpriteRenderItemExtractor.h">
      <Filter>Engine\Core\Graphics\Render\Backend\Builtin\Sprite</Filter>
    </ClInclude>
    <ClInclude Include="Engine\Core\Graphics\Render\Backend\Builtin\Text\TextBatchResources.h">
      <Filter>Engine\Core\Graphics\Render\Backend\Builtin\Text</Filter>
    </ClInclude>
    <ClInclude Include="Engine\Core\Graphics\Render\Backend\Builtin\Text\TextRenderBackend.h">
      <Filter>Engine\Core\Graphics\Render\Backend\Builtin\Text</Filter>
    </ClInclude>
    <ClInclude Include="Engine\Core\Graphics\Render\Backend\Builtin\Text\TextRenderItemExtractor.h">
      <Filter>Engine\Core\Graphics\Render\Backend\Builtin\Text</Filter>
    </ClInclude>
    <ClInclude Include="Engine\Core\Graphics\Render\Backend\Common\BackendDrawCommon.h">
      <Filter>Engine\Core\Graphics\Render\Backend\Common</Filter>
    </ClInclude>
    <ClInclude Include="Engine\Core\Graphics\Render\Backend\Common\FrameBatchResourcePool.h">
      <Filter>Engine\Core\Graphics\Render\Backend\Common</Filter>
    </ClInclude>
    <ClInclude Include="Engine\Core\Graphics\Render\Backend\Common\StructuredInstanceBuffer.h">
      <Filter>Engine\Core\Graphics\Render\Backend\Common</Filter>
    </ClInclude>
    <ClInclude Include="Engine\Core\Graphics\Render\Backend\Common\ViewConstantBuffer.h">
      <Filter>Engine\Core\Graphics\Render\Backend\Common</Filter>
    </ClInclude>
    <ClInclude Include="Engine\Core\Graphics\Render\Backend\Interface\IRenderBackend.h">
      <Filter>Engine\Core\Graphics\Render\Backend\Interface</Filter>
    </ClInclude>
    <ClInclude Include="Engine\Core\Graphics\Render\Backend\Interface\IRenderItemExtractor.h">
      <Filter>Engine\Core\Graphics\Render\Backend\Interface</Filter>
    </ClInclude>
    <ClInclude Include="Engine\Core\Graphics\Render\Backend\Registry\RenderBackendRegistry.h">
      <Filter>Engine\Core\Graphics\Render\Backend\Registry</Filter>
    </ClInclude>
    <ClInclude Include="Engine\Core\Graphics\Render\Backend\Registry\RenderExtractorRegistry.h">
      <Filter>Engine\Core\Graphics\Render\Backend\Registry</Filter>
    </ClInclude>
    <ClInclude Include="Engine\Core\Graphics\Render\Light\Builtin\Directional\DirectionalLightExtractor.h">
      <Filter>Engine\Core\Graphics\Render\Light\Builtin\Directional</Filter>
    </ClInclude>
    <ClInclude Include="Engine\Core\Graphics\Render\Light\Builtin\Point\PointLightExtractor.h">
      <Filter>Engine\Core\Graphics\Render\Light\Builtin\Point</Filter>
    </ClInclude>
    <ClInclude Include="Engine\Core\Graphics\Render\Light\Builtin\Spot\SpotLightExtractor.h">
      <Filter>Engine\Core\Graphics\Render\Light\Builtin\Spot</Filter>
    </ClInclude>
    <ClInclude Include="Engine\Core\Graphics\Render\Light\FrameLightBatch.h">
      <Filter>Engine\Core\Graphics\Render\Light</Filter>
    </ClInclude>
    <ClInclude Include="Engine\Core\Graphics\Render\Light\GPU\LightCullingGPUTypes.h">
      <Filter>Engine\Core\Graphics\Render\Light\GPU</Filter>
    </ClInclude>
    <ClInclude Include="Engine\Core\Graphics\Render\Light\GPU\ViewLightBufferSet.h">
      <Filter>Engine\Core\Graphics\Render\Light\GPU</Filter>
    </ClInclude>
    <ClInclude Include="Engine\Core\Graphics\Render\Light\GPU\ViewLightCullingBufferSet.h">
      <Filter>Engine\Core\Graphics\Render\Light\GPU</Filter>
    </ClInclude>
    <ClInclude Include="Engine\Core\Graphics\Render\Light\Interface\ILightExtractor.h">
      <Filter>Engine\Core\Graphics\Render\Light\Interface</Filter>
    </ClInclude>
    <ClInclude Include="Engine\Core\Graphics\Render\Light\GPU\LightGPUTypes.h">
      <Filter>Engine\Core\Graphics\Render\Light\GPU</Filter>
    </ClInclude>
    <ClInclude Include="Engine\Core\Graphics\Render\Light\Registry\LightExtractorRegistry.h">
      <Filter>Engine\Core\Graphics\Render\Light\Registry</Filter>
    </ClInclude>
    <ClInclude Include="Engine\Core\Graphics\Render\Light\ViewLightCollector.h">
      <Filter>Engine\Core\Graphics\Render\Light</Filter>
    </ClInclude>
    <ClInclude Include="Engine\Core\Graphics\Render\Pass\RenderItemBatchDispatcher.h">
      <Filter>Engine\Core\Graphics\Render\Pass</Filter>
    </ClInclude>
    <ClInclude Include="Engine\Core\Graphics\Render\Pass\ScenePassExecutor.h">
      <Filter>Engine\Core\Graphics\Render\Pass</Filter>
    </ClInclude>
    <ClInclude Include="Engine\Core\Graphics\Render\Queue\RenderPayloadArena.h">
      <Filter>Engine\Core\Graphics\Render\Queue</Filter>
    </ClInclude>
    <ClInclude Include="Engine\Core\Graphics\Render\Texture\RenderTargetRegistry.h">
      <Filter>Engine\Core\Graphics\Render\Texture</Filter>
    </ClInclude>
    <ClInclude Include="Engine\Core\Graphics\Render\View\SceneViewCameraController.h">
      <Filter>Engine\Core\Graphics\Render\View</Filter>
    </ClInclude>
    <ClInclude Include="Engine\Core\Graphics\Texture\BuiltinTextureLibrary.h">
      <Filter>Engine\Core\Graphics\Texture</Filter>
    </ClInclude>
    <ClInclude Include="Engine\Core\Graphics\Texture\GPUTextureResource.h">
      <Filter>Engine\Core\Graphics\Texture</Filter>
    </ClInclude>
    <ClInclude Include="Engine\Core\Graphics\Texture\TextureAssetResolver.h">
      <Filter>Engine\Core\Graphics\Texture</Filter>
    </ClInclude>
    <ClInclude Include="Engine\Core\Graphics\Texture\TextureUploadService.h">
      <Filter>Engine\Core\Graphics\Texture</Filter>
    </ClInclude>
    <ClInclude Include="Engine\Debug\Logger.h">
      <Filter>Engine\Debug</Filter>
    </ClInclude>
    <ClInclude Include="Engine\Core\ECS\Behavior\MonoBehavior.h">
      <Filter>Engine\Core\ECS\Behavior</Filter>
    </ClInclude>
    <ClInclude Include="Engine\Core\ECS\Behavior\BehaviorHandle.h">
      <Filter>Engine\Core\ECS\Behavior</Filter>
    </ClInclude>
    <ClInclude Include="Engine\Core\ECS\Behavior\Registry\BehaviorTypeRegistry.h">
      <Filter>Engine\Core\ECS\Behavior\Registry</Filter>
    </ClInclude>
    <ClInclude Include="Engine\Core\ECS\Behavior\World\BehaviorWorld.h">
      <Filter>Engine\Core\ECS\Behavior\World</Filter>
    </ClInclude>
    <ClInclude Include="Engine\Core\ECS\Component\Builtin\CameraComponent.h">
      <Filter>Engine\Core\ECS\Component\Builtin</Filter>
    </ClInclude>
    <ClInclude Include="Engine\Core\ECS\Component\Builtin\PrefabLinkComponent.h">
      <Filter>Engine\Core\ECS\Component\Builtin</Filter>
    </ClInclude>
    <ClInclude Include="Engine\Core\ECS\Component\Builtin\Render\MeshRendererComponent.h">
      <Filter>Engine\Core\ECS\Component\Builtin\Render</Filter>
    </ClInclude>
    <ClInclude Include="Engine\Core\ECS\Component\Builtin\Render\SpriteRendererComponent.h">
      <Filter>Engine\Core\ECS\Component\Builtin\Render</Filter>
    </ClInclude>
    <ClInclude Include="Engine\Core\ECS\Component\Builtin\Render\TextRendererComponent.h">
      <Filter>Engine\Core\ECS\Component\Builtin\Render</Filter>
    </ClInclude>
    <ClInclude Include="Engine\Core\ECS\Component\Builtin\SceneObjectComponent.h">
      <Filter>Engine\Core\ECS\Component\Builtin</Filter>
    </ClInclude>
    <ClInclude Include="Engine\Core\ECS\Component\Builtin\ScriptComponent.h">
      <Filter>Engine\Core\ECS\Component\Builtin</Filter>
    </ClInclude>
    <ClInclude Include="Engine\Core\ECS\System\Builtin\BehaviorSystem.h">
      <Filter>Engine\Core\ECS\System\Builtin</Filter>
    </ClInclude>
    <ClInclude Include="Engine\Core\ECS\System\Context\SystemContext.h">
      <Filter>Engine\Core\ECS\System\Context</Filter>
    </ClInclude>
    <ClInclude Include="Engine\Core\ECS\System\Interface\ISystem.h">
      <Filter>Engine\Core\ECS\System\Interface</Filter>
    </ClInclude>
    <ClInclude Include="Engine\Core\ECS\System\Scheduler\SystemScheduler.h">
      <Filter>Engine\Core\ECS\System\Scheduler</Filter>
    </ClInclude>
    <ClInclude Include="Engine\Core\Asset\AssetDatabase.h">
      <Filter>Engine\Core\Asset</Filter>
    </ClInclude>
    <ClInclude Include="Engine\Core\Asset\AssetTypes.h">
      <Filter>Engine\Core\Asset</Filter>
    </ClInclude>
    <ClInclude Include="Engine\Core\Context\EngineContext.h">
      <Filter>Engine\Core\Context</Filter>
    </ClInclude>
    <ClInclude Include="Engine\Core\ECS\System\Builtin\HierarchySystem.h">
      <Filter>Engine\Core\ECS\System\Builtin</Filter>
    </ClInclude>
    <ClInclude Include="Engine\Core\ECS\System\Builtin\TransformUpdateSystem.h">
      <Filter>Engine\Core\ECS\System\Builtin</Filter>
    </ClInclude>
    <ClInclude Include="Engine\Core\Graphics\Descriptors\BaseDescriptor.h">
      <Filter>Engine\Core\Graphics\Descriptors</Filter>
    </ClInclude>
    <ClInclude Include="Engine\Core\Graphics\Descriptors\DSVDescriptor.h">
      <Filter>Engine\Core\Graphics\Descriptors</Filter>
    </ClInclude>
    <ClInclude Include="Engine\Core\Graphics\Descriptors\RTVDescriptor.h">
      <Filter>Engine\Core\Graphics\Descriptors</Filter>
    </ClInclude>
    <ClInclude Include="Engine\Core\Graphics\Descriptors\SRVDescriptor.h">
      <Filter>Engine\Core\Graphics\Descriptors</Filter>
    </ClInclude>
    <ClInclude Include="Engine\Core\Graphics\DxLib\ComPtr.h">
      <Filter>Engine\Core\Graphics\DxLib</Filter>
    </ClInclude>
    <ClInclude Include="Engine\Core\Graphics\DxLib\DxStructures.h">
      <Filter>Engine\Core\Graphics\DxLib</Filter>
    </ClInclude>
    <ClInclude Include="Engine\Core\Graphics\DxLib\DxUtils.h">
      <Filter>Engine\Core\Graphics\DxLib</Filter>
    </ClInclude>
    <ClInclude Include="Engine\Core\Graphics\DxObject\DxCommand.h">
      <Filter>Engine\Core\Graphics\DxObject</Filter>
    </ClInclude>
    <ClInclude Include="Engine\Core\Graphics\DxObject\DxDevice.h">
      <Filter>Engine\Core\Graphics\DxObject</Filter>
    </ClInclude>
    <ClInclude Include="Engine\Core\Graphics\DxObject\DxShaderCompiler.h">
      <Filter>Engine\Core\Graphics\DxObject</Filter>
    </ClInclude>
    <ClInclude Include="Engine\Core\Graphics\DxObject\DxSwapChain.h">
      <Filter>Engine\Core\Graphics\DxObject</Filter>
    </ClInclude>
    <ClInclude Include="Engine\Core\Graphics\DxObject\DxUploadCommand.h">
      <Filter>Engine\Core\Graphics\DxObject</Filter>
    </ClInclude>
    <ClInclude Include="Engine\Core\Graphics\GraphicsCore.h">
      <Filter>Engine\Core\Graphics</Filter>
    </ClInclude>
    <ClInclude Include="Engine\Core\Graphics\GraphicsFeatureController.h">
      <Filter>Engine\Core\Graphics</Filter>
    </ClInclude>
    <ClInclude Include="Engine\Core\Graphics\GraphicsFeatureTypes.h">
      <Filter>Engine\Core\Graphics</Filter>
    </ClInclude>
    <ClInclude Include="Engine\Core\Graphics\GraphicsPlatform.h">
      <Filter>Engine\Core\Graphics</Filter>
    </ClInclude>
    <ClInclude Include="Engine\Core\Graphics\Pipeline\Stage\AutoInputLayoutBuilder.h">
      <Filter>Engine\Core\Graphics\Pipeline\Stage</Filter>
    </ClInclude>
    <ClInclude Include="Engine\Core\Graphics\Pipeline\Stage\AutoRootSignatureBuilder.h">
      <Filter>Engine\Core\Graphics\Pipeline\Stage</Filter>
    </ClInclude>
    <ClInclude Include="Engine\Core\Graphics\Pipeline\Stage\BlendState.h">
      <Filter>Engine\Core\Graphics\Pipeline\Stage</Filter>
    </ClInclude>
    <ClInclude Include="Engine\Core\Graphics\Pipeline\PipelineState.h">
      <Filter>Engine\Core\Graphics\Pipeline</Filter>
    </ClInclude>
    <ClInclude Include="Engine\Core\Graphics\Pipeline\Stage\ShaderReflection.h">
      <Filter>Engine\Core\Graphics\Pipeline\Stage</Filter>
    </ClInclude>
    <ClInclude Include="Engine\Core\Graphics\Render\RenderPipelineRunner.h">
      <Filter>Engine\Core\Graphics\Render</Filter>
    </ClInclude>
    <ClInclude Include="Engine\Core\Graphics\Render\Queue\RenderPassItemCollector.h">
      <Filter>Engine\Core\Graphics\Render\Queue</Filter>
    </ClInclude>
    <ClInclude Include="Engine\Core\Graphics\Render\Queue\RenderQueue.h">
      <Filter>Engine\Core\Graphics\Render\Queue</Filter>
    </ClInclude>
    <ClInclude Include="Engine\Core\Graphics\Render\Texture\DepthTexture2D.h">
      <Filter>Engine\Core\Graphics\Render\Texture</Filter>
    </ClInclude>
    <ClInclude Include="Engine\Core\Graphics\Render\Texture\MultiRenderTarget.h">
      <Filter>Engine\Core\Graphics\Render\Texture</Filter>
    </ClInclude>
    <ClInclude Include="Engine\Core\Graphics\Render\Texture\RenderTexture2D.h">
      <Filter>Engine\Core\Graphics\Render\Texture</Filter>
    </ClInclude>
    <ClInclude Include="Engine\Core\Graphics\Render\View\RenderFrameTypes.h">
      <Filter>Engine\Core\Graphics\Render\View</Filter>
    </ClInclude>
    <ClInclude Include="Engine\Core\Graphics\Render\View\RenderViewResolver.h">
      <Filter>Engine\Core\Graphics\Render\View</Filter>
    </ClInclude>
    <ClInclude Include="Engine\Core\Graphics\Render\View\RenderViewTypes.h">
      <Filter>Engine\Core\Graphics\Render\View</Filter>
    </ClInclude>
    <ClInclude Include="Engine\Core\Graphics\Render\View\ViewportRenderService.h">
      <Filter>Engine\Core\Graphics\Render\View</Filter>
    </ClInclude>
    <ClInclude Include="Engine\Core\Prefab\Header\PrefabHeader.h">
      <Filter>Engine\Core\Prefab\Header</Filter>
    </ClInclude>
    <ClInclude Include="Engine\Core\Prefab\PrefabSystem.h">
      <Filter>Engine\Core\Prefab</Filter>
    </ClInclude>
    <ClInclude Include="Engine\Core\Runtime\EngineApplication.h">
      <Filter>Engine\Core\Runtime</Filter>
    </ClInclude>
    <ClInclude Include="Engine\Core\Scene\Header\SceneHeader.h">
      <Filter>Engine\Core\Scene\Header</Filter>
    </ClInclude>
    <ClInclude Include="Engine\Core\Scene\Instance\SceneInstanceManager.h">
      <Filter>Engine\Core\Scene\Instance</Filter>
    </ClInclude>
    <ClInclude Include="Engine\Core\ECS\World\WorldManager.h">
      <Filter>Engine\Core\ECS\World</Filter>
    </ClInclude>
    <ClInclude Include="Engine\Core\Scene\SceneAuthoring.h">
      <Filter>Engine\Core\Scene</Filter>
    </ClInclude>
    <ClInclude Include="Engine\Core\Time\FrameTimer.h">
      <Filter>Engine\Core\Time</Filter>
    </ClInclude>
    <ClInclude Include="Engine\Core\ECS\Component\Builtin\HierarchyComponent.h">
      <Filter>Engine\Core\ECS\Component\Builtin</Filter>
    </ClInclude>
    <ClInclude Include="Engine\Core\ECS\Component\Builtin\NameComponent.h">
      <Filter>Engine\Core\ECS\Component\Builtin</Filter>
    </ClInclude>
    <ClInclude Include="Engine\Core\ECS\Component\Registry\ComponentTypeRegistry.h">
      <Filter>Engine\Core\ECS\Component\Registry</Filter>
    </ClInclude>
    <ClInclude Include="Engine\Core\ECS\Component\Builtin\TransformComponent.h">
      <Filter>Engine\Core\ECS\Component\Builtin</Filter>
    </ClInclude>
    <ClInclude Include="Engine\Core\ECS\Component\Type\ComponentType.h">
      <Filter>Engine\Core\ECS\Component\Type</Filter>
    </ClInclude>
    <ClInclude Include="Engine\Core\ECS\Config\ECSConfig.h">
      <Filter>Engine\Core\ECS\Config</Filter>
    </ClInclude>
    <ClInclude Include="Engine\Core\ECS\World\ECSWorld.h">
      <Filter>Engine\Core\ECS\World</Filter>
    </ClInclude>
    <ClInclude Include="Engine\Core\ECS\Entity\Entity.h">
      <Filter>Engine\Core\ECS\Entity</Filter>
    </ClInclude>
    <ClInclude Include="Engine\Core\ECS\Entity\EntityArchetype.h">
      <Filter>Engine\Core\ECS\Entity</Filter>
    </ClInclude>
    <ClInclude Include="Engine\Core\ECS\Entity\EntityChunk.h">
      <Filter>Engine\Core\ECS\Entity</Filter>
    </ClInclude>
    <ClInclude Include="Engine\Core\ECS\Entity\EntitySignature.h">
      <Filter>Engine\Core\ECS\Entity</Filter>
    </ClInclude>
    <ClInclude Include="Engine\Core\UUID\TypeHash.h">
      <Filter>Engine\Core\UUID</Filter>
    </ClInclude>
    <ClInclude Include="Engine\Core\UUID\UUID.h">
      <Filter>Engine\Core\UUID</Filter>
    </ClInclude>
    <ClInclude Include="Engine\Core\Scene\SceneSystem.h">
      <Filter>Engine\Core\Scene</Filter>
    </ClInclude>
    <ClInclude Include="Engine\Editor\Command\EditorEntityDuplicateUtility.h">
      <Filter>Engine\Editor\Command</Filter>
    </ClInclude>
    <ClInclude Include="Engine\Editor\Command\Methods\AddComponentCommand.h">
      <Filter>Engine\Editor\Command\Methods</Filter>
    </ClInclude>
    <ClInclude Include="Engine\Editor\Command\Methods\CreateEntityCommand.h">
      <Filter>Engine\Editor\Command\Methods</Filter>
    </ClInclude>
    <ClInclude Include="Engine\Editor\Command\EditorEntitySnapshot.h">
      <Filter>Engine\Editor\Command</Filter>
    </ClInclude>
    <ClInclude Include="Engine\Editor\Command\Interface\IEditorCommand.h">
      <Filter>Engine\Editor\Command\Interface</Filter>
    </ClInclude>
    <ClInclude Include="Engine\Editor\Command\Methods\DeleteEntityCommand.h">
      <Filter>Engine\Editor\Command\Methods</Filter>
    </ClInclude>
    <ClInclude Include="Engine\Editor\Command\Methods\DuplicateEntityCommand.h">
      <Filter>Engine\Editor\Command\Methods</Filter>
    </ClInclude>
    <ClInclude Include="Engine\Editor\Command\Methods\PasteEntityTreeCommand.h">
      <Filter>Engine\Editor\Command\Methods</Filter>
    </ClInclude>
    <ClInclude Include="Engine\Editor\Command\Methods\RemoveComponentCommand.h">
      <Filter>Engine\Editor\Command\Methods</Filter>
    </ClInclude>
    <ClInclude Include="Engine\Editor\Command\Methods\RenameEntityCommand.h">
      <Filter>Engine\Editor\Command\Methods</Filter>
    </ClInclude>
    <ClInclude Include="Engine\Editor\Command\Methods\ReparentEntityCommand.h">
      <Filter>Engine\Editor\Command\Methods</Filter>
    </ClInclude>
    <ClInclude Include="Engine\Editor\Command\Methods\SetEntityActiveCommand.h">
      <Filter>Engine\Editor\Command\Methods</Filter>
    </ClInclude>
    <ClInclude Include="Engine\Editor\Command\Methods\SetSerializedComponentCommand.h">
      <Filter>Engine\Editor\Command\Methods</Filter>
    </ClInclude>
    <ClInclude Include="Engine\Editor\Command\Methods\SetTransformCommand.h">
      <Filter>Engine\Editor\Command\Methods</Filter>
    </ClInclude>
    <ClInclude Include="Engine\Editor\Command\TransformEditUtility.h">
      <Filter>Engine\Editor\Command</Filter>
    </ClInclude>
    <ClInclude Include="Engine\Editor\EditorContext.h">
      <Filter>Engine\Editor</Filter>
    </ClInclude>
    <ClInclude Include="Engine\Editor\EditorLayoutState.h">
      <Filter>Engine\Editor</Filter>
    </ClInclude>
    <ClInclude Include="Engine\Editor\EditorManager.h">
      <Filter>Engine\Editor</Filter>
    </ClInclude>
    <ClInclude Include="Engine\Editor\EditorState.h">
      <Filter>Engine\Editor</Filter>
    </ClInclude>
    <ClInclude Include="Engine\Editor\Inspector\Interface\IInspectorComponentDrawer.h">
      <Filter>Engine\Editor\Inspector\Interface</Filter>
    </ClInclude>
    <ClInclude Include="Engine\Editor\Inspector\Methods\CameraInspectorDrawer.h">
      <Filter>Engine\Editor\Inspector\Methods</Filter>
    </ClInclude>
    <ClInclude Include="Engine\Editor\Inspector\Methods\Common\InspectorDrawerCommon.h">
      <Filter>Engine\Editor\Inspector\Methods\Common</Filter>
    </ClInclude>
    <ClInclude Include="Engine\Editor\Inspector\Methods\Common\SerializedComponentInspectorDrawer.h">
      <Filter>Engine\Editor\Inspector\Methods\Common</Filter>
    </ClInclude>
    <ClInclude Include="Engine\Editor\Inspector\Methods\Light\DirectionalLightInspectorDrawer.h">
      <Filter>Engine\Editor\Inspector\Methods\Light</Filter>
    </ClInclude>
    <ClInclude Include="Engine\Editor\Inspector\Methods\Light\PointLightInspectorDrawer.h">
      <Filter>Engine\Editor\Inspector\Methods\Light</Filter>
    </ClInclude>
    <ClInclude Include="Engine\Editor\Inspector\Methods\Light\SpotLightInspectorDrawer.h">
      <Filter>Engine\Editor\Inspector\Methods\Light</Filter>
    </ClInclude>
    <ClInclude Include="Engine\Editor\Inspector\Methods\Render\MeshRendererInspectorDrawer.h">
      <Filter>Engine\Editor\Inspector\Methods\Render</Filter>
    </ClInclude>
    <ClInclude Include="Engine\Editor\Inspector\Methods\ScriptInspectorDrawer.h">
      <Filter>Engine\Editor\Inspector\Methods</Filter>
    </ClInclude>
    <ClInclude Include="Engine\Editor\Inspector\Methods\Render\SpriteRendererInspectorDrawer.h">
      <Filter>Engine\Editor\Inspector\Methods\Render</Filter>
    </ClInclude>
    <ClInclude Include="Engine\Editor\Inspector\Methods\Render\TextRendererInspectorDrawer.h">
      <Filter>Engine\Editor\Inspector\Methods\Render</Filter>
    </ClInclude>
    <ClInclude Include="Engine\Editor\Inspector\Methods\TransformInspectorDrawer.h">
      <Filter>Engine\Editor\Inspector\Methods</Filter>
    </ClInclude>
    <ClInclude Include="Engine\Editor\Inspector\Methods\UVTransformInspectorDrawer.h">
      <Filter>Engine\Editor\Inspector\Methods</Filter>
    </ClInclude>
    <ClInclude Include="Engine\Editor\Panel\EditorPanelContext.h">
      <Filter>Engine\Editor\Panel</Filter>
    </ClInclude>
    <ClInclude Include="Engine\Editor\Panel\Interface\IEditorPanel.h">
      <Filter>Engine\Editor\Panel\Interface</Filter>
    </ClInclude>
    <ClInclude Include="Engine\Editor\Panel\Interface\IEditorPanelHost.h">
      <Filter>Engine\Editor\Panel\Interface</Filter>
    </ClInclude>
    <ClInclude Include="Engine\Editor\Panel\Methods\ConsolePanel.h">
      <Filter>Engine\Editor\Panel\Methods</Filter>
    </ClInclude>
    <ClInclude Include="Engine\Editor\Panel\Methods\HierarchyPanel.h">
      <Filter>Engine\Editor\Panel\Methods</Filter>
    </ClInclude>
    <ClInclude Include="Engine\Editor\Panel\Methods\InspectorPanel.h">
      <Filter>Engine\Editor\Panel\Methods</Filter>
    </ClInclude>
    <ClInclude Include="Engine\Editor\Panel\Methods\MenuBarPanel.h">
      <Filter>Engine\Editor\Panel\Methods</Filter>
    </ClInclude>
    <ClInclude Include="Engine\Editor\Panel\Methods\ProjectPanel.h">
      <Filter>Engine\Editor\Panel\Methods</Filter>
    </ClInclude>
    <ClInclude Include="Engine\Editor\Panel\Methods\SceneViewToolPanel.h">
      <Filter>Engine\Editor\Panel\Methods</Filter>
    </ClInclude>
    <ClInclude Include="Engine\Editor\Panel\Methods\ToolbarPanel.h">
      <Filter>Engine\Editor\Panel\Methods</Filter>
    </ClInclude>
    <ClInclude Include="Engine\Editor\Panel\Methods\ToolPanel.h">
      <Filter>Engine\Editor\Panel\Methods</Filter>
    </ClInclude>
    <ClInclude Include="Engine\Editor\Panel\Methods\ViewportPanel.h">
      <Filter>Engine\Editor\Panel\Methods</Filter>
    </ClInclude>
    <ClInclude Include="Engine\Editor\Project\ProjectAssetIndex.h">
      <Filter>Engine\Editor\Project</Filter>
    </ClInclude>
    <ClInclude Include="Engine\Editor\Project\ProjectAssetThumbnailCache.h">
      <Filter>Engine\Editor\Project</Filter>
    </ClInclude>
    <ClInclude Include="Engine\MathLib\Color.h">
      <Filter>Engine\MathLib</Filter>
    </ClInclude>
    <ClInclude Include="Engine\MathLib\Math.h">
      <Filter>Engine\MathLib</Filter>
    </ClInclude>
    <ClInclude Include="Engine\MathLib\Matrix4x4.h">
      <Filter>Engine\MathLib</Filter>
    </ClInclude>
    <ClInclude Include="Engine\MathLib\Quaternion.h">
      <Filter>Engine\MathLib</Filter>
    </ClInclude>
    <ClInclude Include="Engine\MathLib\Vector2.h">
      <Filter>Engine\MathLib</Filter>
    </ClInclude>
    <ClInclude Include="Engine\MathLib\Vector3.h">
      <Filter>Engine\MathLib</Filter>
    </ClInclude>
    <ClInclude Include="Engine\MathLib\Vector4.h">
      <Filter>Engine\MathLib</Filter>
    </ClInclude>
    <ClInclude Include="Engine\Utility\Command\CommandHistory.h">
      <Filter>Engine\Utility\Command</Filter>
    </ClInclude>
    <ClInclude Include="Engine\Editor\Command\EditorCommandContext.h">
      <Filter>Engine\Editor\Command</Filter>
    </ClInclude>
    <ClInclude Include="Engine\Utility\Command\ICommand.h">
      <Filter>Engine\Utility\Command</Filter>
    </ClInclude>
    <ClInclude Include="Engine\Utility\Enum\DimensionType.h">
      <Filter>Engine\Utility\Enum</Filter>
    </ClInclude>
    <ClInclude Include="Engine\Utility\ImGui\MyGUI.h">
      <Filter>Engine\Utility\ImGui</Filter>
    </ClInclude>
    <ClInclude Include="Engine\Input\Base\IInputDevice.h">
      <Filter>Engine\Input\Base</Filter>
    </ClInclude>
    <ClInclude Include="Engine\Input\Base\InputMapper.h">
      <Filter>Engine\Input\Base</Filter>
    </ClInclude>
    <ClInclude Include="Engine\Input\InputStructures.h">
      <Filter>Engine\Input</Filter>
    </ClInclude>
    <ClInclude Include="Engine\Debug\Assert.h">
      <Filter>Engine\Debug</Filter>
    </ClInclude>
    <ClInclude Include="Engine\Core\Framework.h">
      <Filter>Engine\Core</Filter>
    </ClInclude>
    <ClInclude Include="Engine\External\ImGuiManager.h">
      <Filter>Engine\External</Filter>
    </ClInclude>
    <ClInclude Include="Engine\Core\Window\WinApp.h">
      <Filter>Engine\Core\Window</Filter>
    </ClInclude>
    <ClInclude Include="Engine\Input\Input.h">
      <Filter>Engine\Input</Filter>
    </ClInclude>
    <ClInclude Include="Engine\Utility\Enum\Easing.h">
      <Filter>Engine\Utility\Enum</Filter>
    </ClInclude>
    <ClInclude Include="Engine\Utility\Enum\EnumAdapter.h">
      <Filter>Engine\Utility\Enum</Filter>
    </ClInclude>
    <ClInclude Include="Engine\Utility\Json\JsonAdapter.h">
      <Filter>Engine\Utility\Json</Filter>
    </ClInclude>
    <ClInclude Include="Engine\Utility\Random\RandomGenerator.h">
      <Filter>Engine\Utility\Random</Filter>
    </ClInclude>
    <ClInclude Include="Engine\Utility\Algorithm\Algorithm.h">
      <Filter>Engine\Utility\Algorithm</Filter>
    </ClInclude>
    <FxCompile Include="Assets\Shaders\Builtin\LightCulling\lightCulling.CS.hlsl">
      <Filter>Assets\Shaders\Builtin\LightCulling</Filter>
    </FxCompile>
    <FxCompile Include="Assets\Shaders\Builtin\Line\analyticGrid.VS.hlsl">
      <Filter>Assets\Shaders\Builtin\Line</Filter>
    </FxCompile>
    <FxCompile Include="Assets\Shaders\Builtin\Line\analyticGrid.PS.hlsl">
      <Filter>Assets\Shaders\Builtin\Line</Filter>
    </FxCompile>
    <FxCompile Include="Assets\Shaders\Builtin\Line\lineGeometry.GS.hlsl">
      <Filter>Assets\Shaders\Builtin\Line</Filter>
    </FxCompile>
    <FxCompile Include="Assets\Shaders\Builtin\Line\lineGeometry.PS.hlsl">
      <Filter>Assets\Shaders\Builtin\Line</Filter>
    </FxCompile>
    <FxCompile Include="Assets\Shaders\Builtin\Line\lineGeometry.VS.hlsl">
      <Filter>Assets\Shaders\Builtin\Line</Filter>
    </FxCompile>
    <FxCompile Include="Assets\Shaders\Builtin\Mesh\defaultMesh.MS.hlsl">
      <Filter>Assets\Shaders\Builtin\Mesh</Filter>
    </FxCompile>
    <FxCompile Include="Assets\Shaders\Builtin\Mesh\defaultMesh.PS.hlsl">
      <Filter>Assets\Shaders\Builtin\Mesh</Filter>
    </FxCompile>
    <FxCompile Include="Assets\Shaders\Builtin\Mesh\defaultMesh.VS.hlsl">
      <Filter>Assets\Shaders\Builtin\Mesh</Filter>
    </FxCompile>
    <FxCompile Include="Assets\Shaders\Builtin\Mesh\defaultMeshRayQuery.PS.hlsl">
      <Filter>Assets\Shaders\Builtin\Mesh</Filter>
    </FxCompile>
    <FxCompile Include="Assets\Shaders\Builtin\Mesh\defaultMeshZPrepass.MS.hlsl">
      <Filter>Assets\Shaders\Builtin\Mesh</Filter>
    </FxCompile>
    <FxCompile Include="Assets\Shaders\Builtin\Mesh\defaultMeshZPrepass.PS.hlsl">
      <Filter>Assets\Shaders\Builtin\Mesh</Filter>
    </FxCompile>
    <FxCompile Include="Assets\Shaders\Builtin\Mesh\defaultMeshZPrepass.VS.hlsl">
      <Filter>Assets\Shaders\Builtin\Mesh</Filter>
    </FxCompile>
    <FxCompile Include="Assets\Shaders\Builtin\Raytracing\reflection.RT.hlsl">
      <Filter>Assets\Shaders\Builtin\Raytracing</Filter>
    </FxCompile>
    <FxCompile Include="Assets\Shaders\Builtin\Sprite\defaultSprite.PS.hlsl">
      <Filter>Assets\Shaders\Builtin\Sprite</Filter>
    </FxCompile>
    <FxCompile Include="Assets\Shaders\Builtin\Sprite\defaultSprite.VS.hlsl">
      <Filter>Assets\Shaders\Builtin\Sprite</Filter>
    </FxCompile>
    <FxCompile Include="Assets\Shaders\Builtin\Text\defaultText.PS.hlsl">
      <Filter>Assets\Shaders\Builtin\Text</Filter>
    </FxCompile>
    <FxCompile Include="Assets\Shaders\Builtin\Text\defaultText.VS.hlsl">
      <Filter>Assets\Shaders\Builtin\Text</Filter>
    </FxCompile>
    <None Include="Assets\Shaders\Builtin\Line\analyticGrid.hlsli">
      <Filter>Assets\Shaders\Builtin\Line</Filter>
    </None>
    <None Include="Assets\Shaders\Builtin\Line\lineGeometry.hlsli">
      <Filter>Assets\Shaders\Builtin\Line</Filter>
    </None>
    <None Include="Assets\Shaders\Builtin\Mesh\defaultMesh.hlsli">
      <Filter>Assets\Shaders\Builtin\Mesh</Filter>
    </None>
    <None Include="Assets\Shaders\Builtin\Sprite\defaultSprite.hlsli">
      <Filter>Assets\Shaders\Builtin\Sprite</Filter>
    </None>
    <None Include="Assets\Shaders\Builtin\Text\defaultText.hlsli">
      <Filter>Assets\Shaders\Builtin\Text</Filter>
    </None>
    <ClCompile Include="Engine\Core\Graphics\Mesh\MeshSubMeshAuthoring.cpp" />
    <ClCompile Include="Engine\Core\Graphics\Mesh\MeshSubMeshPicker.cpp" />
    <ClCompile Include="Engine\Core\Graphics\Mesh\Animation\SkinnedMeshAnimationManager.cpp" />
    <ClCompile Include="Engine\Core\ECS\Component\Builtin\Animation\SkinnedAnimationComponent.cpp" />
    <ClCompile Include="Engine\Core\ECS\System\Builtin\SkinnedAnimationUpdateSystem.cpp" />
    <ClCompile Include="Engine\Editor\Inspector\Methods\Animation\SkinnedAnimationInspectorDrawer.cpp" />
    <ClCompile Include="Engine\Core\Graphics\Line\Base\LineRendererBase.cpp" />
    <ClCompile Include="Engine\Core\Graphics\Line\Dimensions\LineRenderer2D.cpp" />
    <ClCompile Include="Engine\Core\Graphics\Line\Dimensions\LineRenderer3D.cpp" />
  </ItemGroup>
  <ItemGroup>
    <ClInclude Include="Engine\Core\Graphics\Mesh\MeshSubMeshAuthoring.h" />
    <ClInclude Include="Engine\Core\Graphics\Mesh\MeshSubMeshPicker.h" />
    <ClInclude Include="Engine\Core\Graphics\Mesh\Animation\SkinnedMeshAnimationManager.h" />
    <ClInclude Include="Engine\Core\ECS\Component\Builtin\Animation\SkinnedAnimationComponent.h" />
    <ClInclude Include="Engine\Core\ECS\System\Builtin\SkinnedAnimationUpdateSystem.h" />
    <ClInclude Include="Engine\Editor\Inspector\Methods\Animation\SkinnedAnimationInspectorDrawer.h" />
    <ClInclude Include="Engine\Core\Graphics\Mesh\GPUResource\MeshSkinningSharedTypes.h" />
    <ClInclude Include="Engine\Core\Graphics\Line\Base\LineRendererBase.h" />
    <ClInclude Include="Engine\Core\Graphics\Line\Dimensions\LineRenderer2D.h" />
    <ClInclude Include="Engine\Core\Graphics\Line\Dimensions\LineRenderer3D.h" />
  </ItemGroup>
  <ItemGroup>
    <FxCompile Include="Assets\Shaders\Builtin\Editor\PickMeshInstance.CS.hlsl" />
    <FxCompile Include="Assets\Shaders\Builtin\Mesh\skinning.CS.hlsl" />
  </ItemGroup>
</Project>